// !$*UTF8*$!
{
	archiveVersion = 1;
	classes = {
	};
	objectVersion = 56;
	objects = {

/* Begin PBXBuildFile section */
		185072882A0A13530027A10F /* AppDelegate.swift in Sources */ = {isa = PBXBuildFile; fileRef = 185072872A0A13530027A10F /* AppDelegate.swift */; };
		1850728A2A0A13530027A10F /* SceneDelegate.swift in Sources */ = {isa = PBXBuildFile; fileRef = 185072892A0A13530027A10F /* SceneDelegate.swift */; };
		1850728C2A0A13530027A10F /* ViewController.swift in Sources */ = {isa = PBXBuildFile; fileRef = 1850728B2A0A13530027A10F /* ViewController.swift */; };
		1850728F2A0A13530027A10F /* Main.storyboard in Resources */ = {isa = PBXBuildFile; fileRef = 1850728D2A0A13530027A10F /* Main.storyboard */; };
		185072922A0A13530027A10F /* QuizZilla.xcdatamodeld in Sources */ = {isa = PBXBuildFile; fileRef = 185072902A0A13530027A10F /* QuizZilla.xcdatamodeld */; };
		185072942A0A13550027A10F /* Assets.xcassets in Resources */ = {isa = PBXBuildFile; fileRef = 185072932A0A13550027A10F /* Assets.xcassets */; };
		185072972A0A13550027A10F /* LaunchScreen.storyboard in Resources */ = {isa = PBXBuildFile; fileRef = 185072952A0A13550027A10F /* LaunchScreen.storyboard */; };
		185072A22A0A13550027A10F /* QuizZillaTests.swift in Sources */ = {isa = PBXBuildFile; fileRef = 185072A12A0A13550027A10F /* QuizZillaTests.swift */; };
		185072AC2A0A13550027A10F /* QuizZillaUITests.swift in Sources */ = {isa = PBXBuildFile; fileRef = 185072AB2A0A13550027A10F /* QuizZillaUITests.swift */; };
		185072AE2A0A13550027A10F /* QuizZillaUITestsLaunchTests.swift in Sources */ = {isa = PBXBuildFile; fileRef = 185072AD2A0A13550027A10F /* QuizZillaUITestsLaunchTests.swift */; };
/* End PBXBuildFile section */

/* Begin PBXContainerItemProxy section */
		1850729E2A0A13550027A10F /* PBXContainerItemProxy */ = {
			isa = PBXContainerItemProxy;
			containerPortal = 1850727C2A0A13530027A10F /* Project object */;
			proxyType = 1;
			remoteGlobalIDString = 185072832A0A13530027A10F;
			remoteInfo = QuizZilla;
		};
		185072A82A0A13550027A10F /* PBXContainerItemProxy */ = {
			isa = PBXContainerItemProxy;
			containerPortal = 1850727C2A0A13530027A10F /* Project object */;
			proxyType = 1;
			remoteGlobalIDString = 185072832A0A13530027A10F;
			remoteInfo = QuizZilla;
		};
/* End PBXContainerItemProxy section */

/* Begin PBXFileReference section */
		185072842A0A13530027A10F /* QuizZilla.app */ = {isa = PBXFileReference; explicitFileType = wrapper.application; includeInIndex = 0; path = QuizZilla.app; sourceTree = BUILT_PRODUCTS_DIR; };
		185072872A0A13530027A10F /* AppDelegate.swift */ = {isa = PBXFileReference; lastKnownFileType = sourcecode.swift; path = AppDelegate.swift; sourceTree = "<group>"; };
		185072892A0A13530027A10F /* SceneDelegate.swift */ = {isa = PBXFileReference; lastKnownFileType = sourcecode.swift; path = SceneDelegate.swift; sourceTree = "<group>"; };
		1850728B2A0A13530027A10F /* ViewController.swift */ = {isa = PBXFileReference; lastKnownFileType = sourcecode.swift; path = ViewController.swift; sourceTree = "<group>"; };
		1850728E2A0A13530027A10F /* Base */ = {isa = PBXFileReference; lastKnownFileType = file.storyboard; name = Base; path = Base.lproj/Main.storyboard; sourceTree = "<group>"; };
		185072912A0A13530027A10F /* QuizZilla.xcdatamodel */ = {isa = PBXFileReference; lastKnownFileType = wrapper.xcdatamodel; path = QuizZilla.xcdatamodel; sourceTree = "<group>"; };
		185072932A0A13550027A10F /* Assets.xcassets */ = {isa = PBXFileReference; lastKnownFileType = folder.assetcatalog; path = Assets.xcassets; sourceTree = "<group>"; };
		185072962A0A13550027A10F /* Base */ = {isa = PBXFileReference; lastKnownFileType = file.storyboard; name = Base; path = Base.lproj/LaunchScreen.storyboard; sourceTree = "<group>"; };
		185072982A0A13550027A10F /* Info.plist */ = {isa = PBXFileReference; lastKnownFileType = text.plist.xml; path = Info.plist; sourceTree = "<group>"; };
		1850729D2A0A13550027A10F /* QuizZillaTests.xctest */ = {isa = PBXFileReference; explicitFileType = wrapper.cfbundle; includeInIndex = 0; path = QuizZillaTests.xctest; sourceTree = BUILT_PRODUCTS_DIR; };
		185072A12A0A13550027A10F /* QuizZillaTests.swift */ = {isa = PBXFileReference; lastKnownFileType = sourcecode.swift; path = QuizZillaTests.swift; sourceTree = "<group>"; };
		185072A72A0A13550027A10F /* QuizZillaUITests.xctest */ = {isa = PBXFileReference; explicitFileType = wrapper.cfbundle; includeInIndex = 0; path = QuizZillaUITests.xctest; sourceTree = BUILT_PRODUCTS_DIR; };
		185072AB2A0A13550027A10F /* QuizZillaUITests.swift */ = {isa = PBXFileReference; lastKnownFileType = sourcecode.swift; path = QuizZillaUITests.swift; sourceTree = "<group>"; };
		185072AD2A0A13550027A10F /* QuizZillaUITestsLaunchTests.swift */ = {isa = PBXFileReference; lastKnownFileType = sourcecode.swift; path = QuizZillaUITestsLaunchTests.swift; sourceTree = "<group>"; };
/* End PBXFileReference section */

/* Begin PBXFrameworksBuildPhase section */
		185072812A0A13530027A10F /* Frameworks */ = {
			isa = PBXFrameworksBuildPhase;
			buildActionMask = 2147483647;
			files = (
			);
			runOnlyForDeploymentPostprocessing = 0;
		};
		1850729A2A0A13550027A10F /* Frameworks */ = {
			isa = PBXFrameworksBuildPhase;
			buildActionMask = 2147483647;
			files = (
			);
			runOnlyForDeploymentPostprocessing = 0;
		};
		185072A42A0A13550027A10F /* Frameworks */ = {
			isa = PBXFrameworksBuildPhase;
			buildActionMask = 2147483647;
			files = (
			);
			runOnlyForDeploymentPostprocessing = 0;
		};
/* End PBXFrameworksBuildPhase section */

/* Begin PBXGroup section */
		1850727B2A0A13530027A10F = {
			isa = PBXGroup;
			children = (
				185072862A0A13530027A10F /* QuizZilla */,
				185072A02A0A13550027A10F /* QuizZillaTests */,
				185072AA2A0A13550027A10F /* QuizZillaUITests */,
				185072852A0A13530027A10F /* Products */,
			);
			sourceTree = "<group>";
		};
		185072852A0A13530027A10F /* Products */ = {
			isa = PBXGroup;
			children = (
				185072842A0A13530027A10F /* QuizZilla.app */,
				1850729D2A0A13550027A10F /* QuizZillaTests.xctest */,
				185072A72A0A13550027A10F /* QuizZillaUITests.xctest */,
			);
			name = Products;
			sourceTree = "<group>";
		};
		185072862A0A13530027A10F /* QuizZilla */ = {
			isa = PBXGroup;
			children = (
				185072872A0A13530027A10F /* AppDelegate.swift */,
				185072892A0A13530027A10F /* SceneDelegate.swift */,
				1850728B2A0A13530027A10F /* ViewController.swift */,
				1850728D2A0A13530027A10F /* Main.storyboard */,
				185072932A0A13550027A10F /* Assets.xcassets */,
				185072952A0A13550027A10F /* LaunchScreen.storyboard */,
				185072982A0A13550027A10F /* Info.plist */,
				185072902A0A13530027A10F /* QuizZilla.xcdatamodeld */,
			);
			path = QuizZilla;
			sourceTree = "<group>";
		};
		185072A02A0A13550027A10F /* QuizZillaTests */ = {
			isa = PBXGroup;
			children = (
				185072A12A0A13550027A10F /* QuizZillaTests.swift */,
			);
			path = QuizZillaTests;
			sourceTree = "<group>";
		};
		185072AA2A0A13550027A10F /* QuizZillaUITests */ = {
			isa = PBXGroup;
			children = (
				185072AB2A0A13550027A10F /* QuizZillaUITests.swift */,
				185072AD2A0A13550027A10F /* QuizZillaUITestsLaunchTests.swift */,
			);
			path = QuizZillaUITests;
			sourceTree = "<group>";
		};
/* End PBXGroup section */

/* Begin PBXNativeTarget section */
		185072832A0A13530027A10F /* QuizZilla */ = {
			isa = PBXNativeTarget;
			buildConfigurationList = 185072B12A0A13550027A10F /* Build configuration list for PBXNativeTarget "QuizZilla" */;
			buildPhases = (
				185072802A0A13530027A10F /* Sources */,
				185072812A0A13530027A10F /* Frameworks */,
				185072822A0A13530027A10F /* Resources */,
			);
			buildRules = (
			);
			dependencies = (
			);
			name = QuizZilla;
			productName = QuizZilla;
			productReference = 185072842A0A13530027A10F /* QuizZilla.app */;
			productType = "com.apple.product-type.application";
		};
		1850729C2A0A13550027A10F /* QuizZillaTests */ = {
			isa = PBXNativeTarget;
			buildConfigurationList = 185072B42A0A13550027A10F /* Build configuration list for PBXNativeTarget "QuizZillaTests" */;
			buildPhases = (
				185072992A0A13550027A10F /* Sources */,
				1850729A2A0A13550027A10F /* Frameworks */,
				1850729B2A0A13550027A10F /* Resources */,
			);
			buildRules = (
			);
			dependencies = (
				1850729F2A0A13550027A10F /* PBXTargetDependency */,
			);
			name = QuizZillaTests;
			productName = QuizZillaTests;
			productReference = 1850729D2A0A13550027A10F /* QuizZillaTests.xctest */;
			productType = "com.apple.product-type.bundle.unit-test";
		};
		185072A62A0A13550027A10F /* QuizZillaUITests */ = {
			isa = PBXNativeTarget;
			buildConfigurationList = 185072B72A0A13550027A10F /* Build configuration list for PBXNativeTarget "QuizZillaUITests" */;
			buildPhases = (
				185072A32A0A13550027A10F /* Sources */,
				185072A42A0A13550027A10F /* Frameworks */,
				185072A52A0A13550027A10F /* Resources */,
			);
			buildRules = (
			);
			dependencies = (
				185072A92A0A13550027A10F /* PBXTargetDependency */,
			);
			name = QuizZillaUITests;
			productName = QuizZillaUITests;
			productReference = 185072A72A0A13550027A10F /* QuizZillaUITests.xctest */;
			productType = "com.apple.product-type.bundle.ui-testing";
		};
/* End PBXNativeTarget section */

/* Begin PBXProject section */
		1850727C2A0A13530027A10F /* Project object */ = {
			isa = PBXProject;
			attributes = {
				BuildIndependentTargetsInParallel = 1;
				LastSwiftUpdateCheck = 1400;
				LastUpgradeCheck = 1400;
				TargetAttributes = {
					185072832A0A13530027A10F = {
						CreatedOnToolsVersion = 14.0.1;
					};
					1850729C2A0A13550027A10F = {
						CreatedOnToolsVersion = 14.0.1;
						TestTargetID = 185072832A0A13530027A10F;
					};
					185072A62A0A13550027A10F = {
						CreatedOnToolsVersion = 14.0.1;
						TestTargetID = 185072832A0A13530027A10F;
					};
				};
			};
			buildConfigurationList = 1850727F2A0A13530027A10F /* Build configuration list for PBXProject "QuizZilla" */;
			compatibilityVersion = "Xcode 14.0";
			developmentRegion = en;
			hasScannedForEncodings = 0;
			knownRegions = (
				en,
				Base,
			);
			mainGroup = 1850727B2A0A13530027A10F;
			productRefGroup = 185072852A0A13530027A10F /* Products */;
			projectDirPath = "";
			projectRoot = "";
			targets = (
				185072832A0A13530027A10F /* QuizZilla */,
				1850729C2A0A13550027A10F /* QuizZillaTests */,
				185072A62A0A13550027A10F /* QuizZillaUITests */,
			);
		};
/* End PBXProject section */

/* Begin PBXResourcesBuildPhase section */
		185072822A0A13530027A10F /* Resources */ = {
			isa = PBXResourcesBuildPhase;
			buildActionMask = 2147483647;
			files = (
				185072972A0A13550027A10F /* LaunchScreen.storyboard in Resources */,
				185072942A0A13550027A10F /* Assets.xcassets in Resources */,
				1850728F2A0A13530027A10F /* Main.storyboard in Resources */,
			);
			runOnlyForDeploymentPostprocessing = 0;
		};
		1850729B2A0A13550027A10F /* Resources */ = {
			isa = PBXResourcesBuildPhase;
			buildActionMask = 2147483647;
			files = (
			);
			runOnlyForDeploymentPostprocessing = 0;
		};
		185072A52A0A13550027A10F /* Resources */ = {
			isa = PBXResourcesBuildPhase;
			buildActionMask = 2147483647;
			files = (
			);
			runOnlyForDeploymentPostprocessing = 0;
		};
/* End PBXResourcesBuildPhase section */

/* Begin PBXSourcesBuildPhase section */
		185072802A0A13530027A10F /* Sources */ = {
			isa = PBXSourcesBuildPhase;
			buildActionMask = 2147483647;
			files = (
				1850728C2A0A13530027A10F /* ViewController.swift in Sources */,
				185072882A0A13530027A10F /* AppDelegate.swift in Sources */,
				1850728A2A0A13530027A10F /* SceneDelegate.swift in Sources */,
				185072922A0A13530027A10F /* QuizZilla.xcdatamodeld in Sources */,
			);
			runOnlyForDeploymentPostprocessing = 0;
		};
		185072992A0A13550027A10F /* Sources */ = {
			isa = PBXSourcesBuildPhase;
			buildActionMask = 2147483647;
			files = (
				185072A22A0A13550027A10F /* QuizZillaTests.swift in Sources */,
			);
			runOnlyForDeploymentPostprocessing = 0;
		};
		185072A32A0A13550027A10F /* Sources */ = {
			isa = PBXSourcesBuildPhase;
			buildActionMask = 2147483647;
			files = (
				185072AE2A0A13550027A10F /* QuizZillaUITestsLaunchTests.swift in Sources */,
				185072AC2A0A13550027A10F /* QuizZillaUITests.swift in Sources */,
			);
			runOnlyForDeploymentPostprocessing = 0;
		};
/* End PBXSourcesBuildPhase section */

/* Begin PBXTargetDependency section */
		1850729F2A0A13550027A10F /* PBXTargetDependency */ = {
			isa = PBXTargetDependency;
			target = 185072832A0A13530027A10F /* QuizZilla */;
			targetProxy = 1850729E2A0A13550027A10F /* PBXContainerItemProxy */;
		};
		185072A92A0A13550027A10F /* PBXTargetDependency */ = {
			isa = PBXTargetDependency;
			target = 185072832A0A13530027A10F /* QuizZilla */;
			targetProxy = 185072A82A0A13550027A10F /* PBXContainerItemProxy */;
		};
/* End PBXTargetDependency section */

/* Begin PBXVariantGroup section */
		1850728D2A0A13530027A10F /* Main.storyboard */ = {
			isa = PBXVariantGroup;
			children = (
				1850728E2A0A13530027A10F /* Base */,
			);
			name = Main.storyboard;
			sourceTree = "<group>";
		};
		185072952A0A13550027A10F /* LaunchScreen.storyboard */ = {
			isa = PBXVariantGroup;
			children = (
				185072962A0A13550027A10F /* Base */,
			);
			name = LaunchScreen.storyboard;
			sourceTree = "<group>";
		};
/* End PBXVariantGroup section */

/* Begin XCBuildConfiguration section */
		185072AF2A0A13550027A10F /* Debug */ = {
			isa = XCBuildConfiguration;
			buildSettings = {
				ALWAYS_SEARCH_USER_PATHS = NO;
				CLANG_ANALYZER_NONNULL = YES;
				CLANG_ANALYZER_NUMBER_OBJECT_CONVERSION = YES_AGGRESSIVE;
				CLANG_CXX_LANGUAGE_STANDARD = "gnu++20";
				CLANG_ENABLE_MODULES = YES;
				CLANG_ENABLE_OBJC_ARC = YES;
				CLANG_ENABLE_OBJC_WEAK = YES;
				CLANG_WARN_BLOCK_CAPTURE_AUTORELEASING = YES;
				CLANG_WARN_BOOL_CONVERSION = YES;
				CLANG_WARN_COMMA = YES;
				CLANG_WARN_CONSTANT_CONVERSION = YES;
				CLANG_WARN_DEPRECATED_OBJC_IMPLEMENTATIONS = YES;
				CLANG_WARN_DIRECT_OBJC_ISA_USAGE = YES_ERROR;
				CLANG_WARN_DOCUMENTATION_COMMENTS = YES;
				CLANG_WARN_EMPTY_BODY = YES;
				CLANG_WARN_ENUM_CONVERSION = YES;
				CLANG_WARN_INFINITE_RECURSION = YES;
				CLANG_WARN_INT_CONVERSION = YES;
				CLANG_WARN_NON_LITERAL_NULL_CONVERSION = YES;
				CLANG_WARN_OBJC_IMPLICIT_RETAIN_SELF = YES;
				CLANG_WARN_OBJC_LITERAL_CONVERSION = YES;
				CLANG_WARN_OBJC_ROOT_CLASS = YES_ERROR;
				CLANG_WARN_QUOTED_INCLUDE_IN_FRAMEWORK_HEADER = YES;
				CLANG_WARN_RANGE_LOOP_ANALYSIS = YES;
				CLANG_WARN_STRICT_PROTOTYPES = YES;
				CLANG_WARN_SUSPICIOUS_MOVE = YES;
				CLANG_WARN_UNGUARDED_AVAILABILITY = YES_AGGRESSIVE;
				CLANG_WARN_UNREACHABLE_CODE = YES;
				CLANG_WARN__DUPLICATE_METHOD_MATCH = YES;
				COPY_PHASE_STRIP = NO;
				DEBUG_INFORMATION_FORMAT = dwarf;
				ENABLE_STRICT_OBJC_MSGSEND = YES;
				ENABLE_TESTABILITY = YES;
				GCC_C_LANGUAGE_STANDARD = gnu11;
				GCC_DYNAMIC_NO_PIC = NO;
				GCC_NO_COMMON_BLOCKS = YES;
				GCC_OPTIMIZATION_LEVEL = 0;
				GCC_PREPROCESSOR_DEFINITIONS = (
					"DEBUG=1",
					"$(inherited)",
				);
				GCC_WARN_64_TO_32_BIT_CONVERSION = YES;
				GCC_WARN_ABOUT_RETURN_TYPE = YES_ERROR;
				GCC_WARN_UNDECLARED_SELECTOR = YES;
				GCC_WARN_UNINITIALIZED_AUTOS = YES_AGGRESSIVE;
				GCC_WARN_UNUSED_FUNCTION = YES;
				GCC_WARN_UNUSED_VARIABLE = YES;
				IPHONEOS_DEPLOYMENT_TARGET = 16.0;
				MTL_ENABLE_DEBUG_INFO = INCLUDE_SOURCE;
				MTL_FAST_MATH = YES;
				ONLY_ACTIVE_ARCH = YES;
				SDKROOT = iphoneos;
				SWIFT_ACTIVE_COMPILATION_CONDITIONS = DEBUG;
				SWIFT_OPTIMIZATION_LEVEL = "-Onone";
			};
			name = Debug;
		};
		185072B02A0A13550027A10F /* Release */ = {
			isa = XCBuildConfiguration;
			buildSettings = {
				ALWAYS_SEARCH_USER_PATHS = NO;
				CLANG_ANALYZER_NONNULL = YES;
				CLANG_ANALYZER_NUMBER_OBJECT_CONVERSION = YES_AGGRESSIVE;
				CLANG_CXX_LANGUAGE_STANDARD = "gnu++20";
				CLANG_ENABLE_MODULES = YES;
				CLANG_ENABLE_OBJC_ARC = YES;
				CLANG_ENABLE_OBJC_WEAK = YES;
				CLANG_WARN_BLOCK_CAPTURE_AUTORELEASING = YES;
				CLANG_WARN_BOOL_CONVERSION = YES;
				CLANG_WARN_COMMA = YES;
				CLANG_WARN_CONSTANT_CONVERSION = YES;
				CLANG_WARN_DEPRECATED_OBJC_IMPLEMENTATIONS = YES;
				CLANG_WARN_DIRECT_OBJC_ISA_USAGE = YES_ERROR;
				CLANG_WARN_DOCUMENTATION_COMMENTS = YES;
				CLANG_WARN_EMPTY_BODY = YES;
				CLANG_WARN_ENUM_CONVERSION = YES;
				CLANG_WARN_INFINITE_RECURSION = YES;
				CLANG_WARN_INT_CONVERSION = YES;
				CLANG_WARN_NON_LITERAL_NULL_CONVERSION = YES;
				CLANG_WARN_OBJC_IMPLICIT_RETAIN_SELF = YES;
				CLANG_WARN_OBJC_LITERAL_CONVERSION = YES;
				CLANG_WARN_OBJC_ROOT_CLASS = YES_ERROR;
				CLANG_WARN_QUOTED_INCLUDE_IN_FRAMEWORK_HEADER = YES;
				CLANG_WARN_RANGE_LOOP_ANALYSIS = YES;
				CLANG_WARN_STRICT_PROTOTYPES = YES;
				CLANG_WARN_SUSPICIOUS_MOVE = YES;
				CLANG_WARN_UNGUARDED_AVAILABILITY = YES_AGGRESSIVE;
				CLANG_WARN_UNREACHABLE_CODE = YES;
				CLANG_WARN__DUPLICATE_METHOD_MATCH = YES;
				COPY_PHASE_STRIP = NO;
				DEBUG_INFORMATION_FORMAT = "dwarf-with-dsym";
				ENABLE_NS_ASSERTIONS = NO;
				ENABLE_STRICT_OBJC_MSGSEND = YES;
				GCC_C_LANGUAGE_STANDARD = gnu11;
				GCC_NO_COMMON_BLOCKS = YES;
				GCC_WARN_64_TO_32_BIT_CONVERSION = YES;
				GCC_WARN_ABOUT_RETURN_TYPE = YES_ERROR;
				GCC_WARN_UNDECLARED_SELECTOR = YES;
				GCC_WARN_UNINITIALIZED_AUTOS = YES_AGGRESSIVE;
				GCC_WARN_UNUSED_FUNCTION = YES;
				GCC_WARN_UNUSED_VARIABLE = YES;
				IPHONEOS_DEPLOYMENT_TARGET = 16.0;
				MTL_ENABLE_DEBUG_INFO = NO;
				MTL_FAST_MATH = YES;
				SDKROOT = iphoneos;
				SWIFT_COMPILATION_MODE = wholemodule;
				SWIFT_OPTIMIZATION_LEVEL = "-O";
				VALIDATE_PRODUCT = YES;
			};
			name = Release;
		};
		185072B22A0A13550027A10F /* Debug */ = {
			isa = XCBuildConfiguration;
			buildSettings = {
				ASSETCATALOG_COMPILER_APPICON_NAME = AppIcon;
				ASSETCATALOG_COMPILER_GLOBAL_ACCENT_COLOR_NAME = AccentColor;
				CODE_SIGN_STYLE = Automatic;
				CURRENT_PROJECT_VERSION = 1;
				DEVELOPMENT_TEAM = 6G7LXQVMTU;
				GENERATE_INFOPLIST_FILE = YES;
				INFOPLIST_FILE = QuizZilla/Info.plist;
				INFOPLIST_KEY_UIApplicationSupportsIndirectInputEvents = YES;
				INFOPLIST_KEY_UILaunchStoryboardName = LaunchScreen;
				INFOPLIST_KEY_UIMainStoryboardFile = Main;
				INFOPLIST_KEY_UISupportedInterfaceOrientations_iPad = "UIInterfaceOrientationPortrait UIInterfaceOrientationPortraitUpsideDown UIInterfaceOrientationLandscapeLeft UIInterfaceOrientationLandscapeRight";
				INFOPLIST_KEY_UISupportedInterfaceOrientations_iPhone = "UIInterfaceOrientationPortrait UIInterfaceOrientationLandscapeLeft UIInterfaceOrientationLandscapeRight";
				LD_RUNPATH_SEARCH_PATHS = (
					"$(inherited)",
					"@executable_path/Frameworks",
				);
				MARKETING_VERSION = 1.0;
				PRODUCT_BUNDLE_IDENTIFIER = Neosoft.QuizZilla;
				PRODUCT_NAME = "$(TARGET_NAME)";
				SWIFT_EMIT_LOC_STRINGS = YES;
				SWIFT_VERSION = 5.0;
				TARGETED_DEVICE_FAMILY = "1,2";
			};
			name = Debug;
		};
		185072B32A0A13550027A10F /* Release */ = {
			isa = XCBuildConfiguration;
			buildSettings = {
				ASSETCATALOG_COMPILER_APPICON_NAME = AppIcon;
				ASSETCATALOG_COMPILER_GLOBAL_ACCENT_COLOR_NAME = AccentColor;
				CODE_SIGN_STYLE = Automatic;
				CURRENT_PROJECT_VERSION = 1;
				DEVELOPMENT_TEAM = 6G7LXQVMTU;
				GENERATE_INFOPLIST_FILE = YES;
				INFOPLIST_FILE = QuizZilla/Info.plist;
				INFOPLIST_KEY_UIApplicationSupportsIndirectInputEvents = YES;
				INFOPLIST_KEY_UILaunchStoryboardName = LaunchScreen;
				INFOPLIST_KEY_UIMainStoryboardFile = Main;
				INFOPLIST_KEY_UISupportedInterfaceOrientations_iPad = "UIInterfaceOrientationPortrait UIInterfaceOrientationPortraitUpsideDown UIInterfaceOrientationLandscapeLeft UIInterfaceOrientationLandscapeRight";
				INFOPLIST_KEY_UISupportedInterfaceOrientations_iPhone = "UIInterfaceOrientationPortrait UIInterfaceOrientationLandscapeLeft UIInterfaceOrientationLandscapeRight";
				LD_RUNPATH_SEARCH_PATHS = (
					"$(inherited)",
					"@executable_path/Frameworks",
				);
				MARKETING_VERSION = 1.0;
				PRODUCT_BUNDLE_IDENTIFIER = Neosoft.QuizZilla;
				PRODUCT_NAME = "$(TARGET_NAME)";
				SWIFT_EMIT_LOC_STRINGS = YES;
				SWIFT_VERSION = 5.0;
				TARGETED_DEVICE_FAMILY = "1,2";
			};
			name = Release;
		};
		185072B52A0A13550027A10F /* Debug */ = {
			isa = XCBuildConfiguration;
			buildSettings = {
				ALWAYS_EMBED_SWIFT_STANDARD_LIBRARIES = YES;
				BUNDLE_LOADER = "$(TEST_HOST)";
				CODE_SIGN_STYLE = Automatic;
				CURRENT_PROJECT_VERSION = 1;
				DEVELOPMENT_TEAM = 6G7LXQVMTU;
				GENERATE_INFOPLIST_FILE = YES;
				IPHONEOS_DEPLOYMENT_TARGET = 16.0;
				MARKETING_VERSION = 1.0;
				PRODUCT_BUNDLE_IDENTIFIER = Neosoft.QuizZillaTests;
				PRODUCT_NAME = "$(TARGET_NAME)";
				SWIFT_EMIT_LOC_STRINGS = NO;
				SWIFT_VERSION = 5.0;
				TARGETED_DEVICE_FAMILY = "1,2";
				TEST_HOST = "$(BUILT_PRODUCTS_DIR)/QuizZilla.app/$(BUNDLE_EXECUTABLE_FOLDER_PATH)/QuizZilla";
			};
			name = Debug;
		};
		185072B62A0A13550027A10F /* Release */ = {
			isa = XCBuildConfiguration;
			buildSettings = {
				ALWAYS_EMBED_SWIFT_STANDARD_LIBRARIES = YES;
				BUNDLE_LOADER = "$(TEST_HOST)";
				CODE_SIGN_STYLE = Automatic;
				CURRENT_PROJECT_VERSION = 1;
				DEVELOPMENT_TEAM = 6G7LXQVMTU;
				GENERATE_INFOPLIST_FILE = YES;
				IPHONEOS_DEPLOYMENT_TARGET = 16.0;
				MARKETING_VERSION = 1.0;
				PRODUCT_BUNDLE_IDENTIFIER = Neosoft.QuizZillaTests;
				PRODUCT_NAME = "$(TARGET_NAME)";
				SWIFT_EMIT_LOC_STRINGS = NO;
				SWIFT_VERSION = 5.0;
				TARGETED_DEVICE_FAMILY = "1,2";
				TEST_HOST = "$(BUILT_PRODUCTS_DIR)/QuizZilla.app/$(BUNDLE_EXECUTABLE_FOLDER_PATH)/QuizZilla";
			};
			name = Release;
		};
		185072B82A0A13550027A10F /* Debug */ = {
			isa = XCBuildConfiguration;
			buildSettings = {
				ALWAYS_EMBED_SWIFT_STANDARD_LIBRARIES = YES;
				CODE_SIGN_STYLE = Automatic;
				CURRENT_PROJECT_VERSION = 1;
				DEVELOPMENT_TEAM = 6G7LXQVMTU;
				GENERATE_INFOPLIST_FILE = YES;
				MARKETING_VERSION = 1.0;
				PRODUCT_BUNDLE_IDENTIFIER = Neosoft.QuizZillaUITests;
				PRODUCT_NAME = "$(TARGET_NAME)";
				SWIFT_EMIT_LOC_STRINGS = NO;
				SWIFT_VERSION = 5.0;
				TARGETED_DEVICE_FAMILY = "1,2";
				TEST_TARGET_NAME = QuizZilla;
			};
			name = Debug;
		};
		185072B92A0A13550027A10F /* Release */ = {
			isa = XCBuildConfiguration;
			buildSettings = {
				ALWAYS_EMBED_SWIFT_STANDARD_LIBRARIES = YES;
				CODE_SIGN_STYLE = Automatic;
				CURRENT_PROJECT_VERSION = 1;
				DEVELOPMENT_TEAM = 6G7LXQVMTU;
				GENERATE_INFOPLIST_FILE = YES;
				MARKETING_VERSION = 1.0;
				PRODUCT_BUNDLE_IDENTIFIER = Neosoft.QuizZillaUITests;
				PRODUCT_NAME = "$(TARGET_NAME)";
				SWIFT_EMIT_LOC_STRINGS = NO;
				SWIFT_VERSION = 5.0;
				TARGETED_DEVICE_FAMILY = "1,2";
				TEST_TARGET_NAME = QuizZilla;
			};
			name = Release;
		};
/* End XCBuildConfiguration section */

/* Begin XCConfigurationList section */
		1850727F2A0A13530027A10F /* Build configuration list for PBXProject "QuizZilla" */ = {
			isa = XCConfigurationList;
			buildConfigurations = (
				185072AF2A0A13550027A10F /* Debug */,
				185072B02A0A13550027A10F /* Release */,
			);
			defaultConfigurationIsVisible = 0;
			defaultConfigurationName = Release;
		};
		185072B12A0A13550027A10F /* Build configuration list for PBXNativeTarget "QuizZilla" */ = {
			isa = XCConfigurationList;
			buildConfigurations = (
				185072B22A0A13550027A10F /* Debug */,
				185072B32A0A13550027A10F /* Release */,
			);
			defaultConfigurationIsVisible = 0;
			defaultConfigurationName = Release;
		};
		185072B42A0A13550027A10F /* Build configuration list for PBXNativeTarget "QuizZillaTests" */ = {
			isa = XCConfigurationList;
			buildConfigurations = (
				185072B52A0A13550027A10F /* Debug */,
				185072B62A0A13550027A10F /* Release */,
			);
			defaultConfigurationIsVisible = 0;
			defaultConfigurationName = Release;
		};
		185072B72A0A13550027A10F /* Build configuration list for PBXNativeTarget "QuizZillaUITests" */ = {
			isa = XCConfigurationList;
			buildConfigurations = (
				185072B82A0A13550027A10F /* Debug */,
				185072B92A0A13550027A10F /* Release */,
			);
			defaultConfigurationIsVisible = 0;
			defaultConfigurationName = Release;
		};
/* End XCConfigurationList section */

/* Begin XCVersionGroup section */
		185072902A0A13530027A10F /* QuizZilla.xcdatamodeld */ = {
			isa = XCVersionGroup;
			children = (
				185072912A0A13530027A10F /* QuizZilla.xcdatamodel */,
			);
			currentVersion = 185072912A0A13530027A10F /* QuizZilla.xcdatamodel */;
			path = QuizZilla.xcdatamodeld;
			sourceTree = "<group>";
			versionGroupType = wrapper.xcdatamodel;
		};
/* End XCVersionGroup section */
	};
	rootObject = 1850727C2A0A13530027A10F /* Project object */;
}
