// !$*UTF8*$!
{
	archiveVersion = 1;
	classes = {
	};
	objectVersion = 56;
	objects = {

/* Begin PBXBuildFile section */
		181CB2492A123E09007C4815 /* NewQuestionsCollectionViewCell.swift in Sources */ = {isa = PBXBuildFile; fileRef = 181CB2472A123E09007C4815 /* NewQuestionsCollectionViewCell.swift */; };
		181CB24A2A123E09007C4815 /* NewQuestionsCollectionViewCell.xib in Resources */ = {isa = PBXBuildFile; fileRef = 181CB2482A123E09007C4815 /* NewQuestionsCollectionViewCell.xib */; };
		181CB24D2A12447A007C4815 /* GoogleMobileAds in Frameworks */ = {isa = PBXBuildFile; productRef = 181CB24C2A12447A007C4815 /* GoogleMobileAds */; };
		182342502A5B36C000429A2B /* HomeViewControllerV2.swift in Sources */ = {isa = PBXBuildFile; fileRef = 1823424E2A5B36C000429A2B /* HomeViewControllerV2.swift */; };
		182342512A5B36C000429A2B /* HomeViewControllerV2.xib in Resources */ = {isa = PBXBuildFile; fileRef = 1823424F2A5B36C000429A2B /* HomeViewControllerV2.xib */; };
		1823425D2A5B447C00429A2B /* CategoryCollectionViewCell.swift in Sources */ = {isa = PBXBuildFile; fileRef = 1823425B2A5B447C00429A2B /* CategoryCollectionViewCell.swift */; };
		1823425E2A5B447C00429A2B /* CategoryCollectionViewCell.xib in Resources */ = {isa = PBXBuildFile; fileRef = 1823425C2A5B447C00429A2B /* CategoryCollectionViewCell.xib */; };
		185072882A0A13530027A10F /* AppDelegate.swift in Sources */ = {isa = PBXBuildFile; fileRef = 185072872A0A13530027A10F /* AppDelegate.swift */; };
		1850728A2A0A13530027A10F /* SceneDelegate.swift in Sources */ = {isa = PBXBuildFile; fileRef = 185072892A0A13530027A10F /* SceneDelegate.swift */; };
		1850728C2A0A13530027A10F /* ViewController.swift in Sources */ = {isa = PBXBuildFile; fileRef = 1850728B2A0A13530027A10F /* ViewController.swift */; };
		1850728F2A0A13530027A10F /* Main.storyboard in Resources */ = {isa = PBXBuildFile; fileRef = 1850728D2A0A13530027A10F /* Main.storyboard */; };
		185072922A0A13530027A10F /* QuizZilla.xcdatamodeld in Sources */ = {isa = PBXBuildFile; fileRef = 185072902A0A13530027A10F /* QuizZilla.xcdatamodeld */; };
		185072942A0A13550027A10F /* Assets.xcassets in Resources */ = {isa = PBXBuildFile; fileRef = 185072932A0A13550027A10F /* Assets.xcassets */; };
		185072972A0A13550027A10F /* LaunchScreen.storyboard in Resources */ = {isa = PBXBuildFile; fileRef = 185072952A0A13550027A10F /* LaunchScreen.storyboard */; };
		185072A22A0A13550027A10F /* QuizZillaTests.swift in Sources */ = {isa = PBXBuildFile; fileRef = 185072A12A0A13550027A10F /* QuizZillaTests.swift */; };
		185072AC2A0A13550027A10F /* QuizZillaUITests.swift in Sources */ = {isa = PBXBuildFile; fileRef = 185072AB2A0A13550027A10F /* QuizZillaUITests.swift */; };
		185072AE2A0A13550027A10F /* QuizZillaUITestsLaunchTests.swift in Sources */ = {isa = PBXBuildFile; fileRef = 185072AD2A0A13550027A10F /* QuizZillaUITestsLaunchTests.swift */; };
		185072C12A0A13B40027A10F /* HomeViewController.swift in Sources */ = {isa = PBXBuildFile; fileRef = 185072BF2A0A13B40027A10F /* HomeViewController.swift */; };
		185072C22A0A13B40027A10F /* HomeViewController.xib in Resources */ = {isa = PBXBuildFile; fileRef = 185072C02A0A13B40027A10F /* HomeViewController.xib */; };
		185072C62A0A1D5F0027A10F /* HomeCollectionViewCell.swift in Sources */ = {isa = PBXBuildFile; fileRef = 185072C42A0A1D5F0027A10F /* HomeCollectionViewCell.swift */; };
		185072C72A0A1D5F0027A10F /* HomeCollectionViewCell.xib in Resources */ = {isa = PBXBuildFile; fileRef = 185072C52A0A1D5F0027A10F /* HomeCollectionViewCell.xib */; };
		185DCCA62A0A2C61000B2DBB /* QuestionsViewController.swift in Sources */ = {isa = PBXBuildFile; fileRef = 185DCCA42A0A2C61000B2DBB /* QuestionsViewController.swift */; };
		185DCCA72A0A2C61000B2DBB /* QuestionsViewController.xib in Resources */ = {isa = PBXBuildFile; fileRef = 185DCCA52A0A2C61000B2DBB /* QuestionsViewController.xib */; };
		18A461782A0A57EA0085BD81 /* QuestionsCollectionViewCell.swift in Sources */ = {isa = PBXBuildFile; fileRef = 18A461762A0A57EA0085BD81 /* QuestionsCollectionViewCell.swift */; };
		18A461792A0A57EA0085BD81 /* QuestionsCollectionViewCell.xib in Resources */ = {isa = PBXBuildFile; fileRef = 18A461772A0A57EA0085BD81 /* QuestionsCollectionViewCell.xib */; };
		18A4617D2A0A61910085BD81 /* Extensions.swift in Sources */ = {isa = PBXBuildFile; fileRef = 18A4617C2A0A61910085BD81 /* Extensions.swift */; };
		18A4617F2A0A73A70085BD81 /* Trivia Model.swift in Sources */ = {isa = PBXBuildFile; fileRef = 18A4617E2A0A73A70085BD81 /* Trivia Model.swift */; };
		18A461852A0A79D80085BD81 /* NetworkManager.swift in Sources */ = {isa = PBXBuildFile; fileRef = 18A461842A0A79D80085BD81 /* NetworkManager.swift */; };
		18A461872A0A7B9C0085BD81 /* QuestionsViewModel.swift in Sources */ = {isa = PBXBuildFile; fileRef = 18A461862A0A7B9C0085BD81 /* QuestionsViewModel.swift */; };
		18D3BCDE2A5D388600E07DA7 /* QuestionsViewModelV2.swift in Sources */ = {isa = PBXBuildFile; fileRef = 18D3BCDD2A5D388600E07DA7 /* QuestionsViewModelV2.swift */; };
		18D3BCE72A5D3B0100E07DA7 /* TriviaModelV2.swift in Sources */ = {isa = PBXBuildFile; fileRef = 18D3BCE62A5D3B0100E07DA7 /* TriviaModelV2.swift */; };
		18D3BCEA2A5D3B4E00E07DA7 /* QuestionsViewControllerV2.swift in Sources */ = {isa = PBXBuildFile; fileRef = 18D3BCE82A5D3B4E00E07DA7 /* QuestionsViewControllerV2.swift */; };
		18D3BCEB2A5D3B4E00E07DA7 /* QuestionsViewControllerV2.xib in Resources */ = {isa = PBXBuildFile; fileRef = 18D3BCE92A5D3B4E00E07DA7 /* QuestionsViewControllerV2.xib */; };
		18D3BCEF2A5D43F900E07DA7 /* QuestionsCollectionViewCellV2.swift in Sources */ = {isa = PBXBuildFile; fileRef = 18D3BCED2A5D43F900E07DA7 /* QuestionsCollectionViewCellV2.swift */; };
		18D3BCF02A5D43F900E07DA7 /* QuestionsCollectionViewCellV2.xib in Resources */ = {isa = PBXBuildFile; fileRef = 18D3BCEE2A5D43F900E07DA7 /* QuestionsCollectionViewCellV2.xib */; };
		18D3BCF22A5EC82C00E07DA7 /* Enums.swift in Sources */ = {isa = PBXBuildFile; fileRef = 18D3BCF12A5EC82B00E07DA7 /* Enums.swift */; };
		18E47D7C2A0BB06800E0A496 /* xMark.json in Resources */ = {isa = PBXBuildFile; fileRef = 18E47D7B2A0BB06800E0A496 /* xMark.json */; };
		18E47D7E2A0BB56800E0A496 /* TickMark.json in Resources */ = {isa = PBXBuildFile; fileRef = 18E47D7D2A0BB56800E0A496 /* TickMark.json */; };
		18E47D832A0CEDD300E0A496 /* ResultViewController.swift in Sources */ = {isa = PBXBuildFile; fileRef = 18E47D812A0CEDD300E0A496 /* ResultViewController.swift */; };
		18E47D842A0CEDD300E0A496 /* ResultViewController.xib in Resources */ = {isa = PBXBuildFile; fileRef = 18E47D822A0CEDD300E0A496 /* ResultViewController.xib */; };
		18E47D882A0CF5AF00E0A496 /* tryAgain.json in Resources */ = {isa = PBXBuildFile; fileRef = 18E47D872A0CF5AF00E0A496 /* tryAgain.json */; };
		18E47D8A2A0CF94800E0A496 /* Celebration.json in Resources */ = {isa = PBXBuildFile; fileRef = 18E47D892A0CF94800E0A496 /* Celebration.json */; };
		18E47D8D2A0D37A100E0A496 /* CustomPush.swift in Sources */ = {isa = PBXBuildFile; fileRef = 18E47D8C2A0D37A100E0A496 /* CustomPush.swift */; };
		18E47D8F2A0E1B9100E0A496 /* celebration2.json in Resources */ = {isa = PBXBuildFile; fileRef = 18E47D8E2A0E1B9100E0A496 /* celebration2.json */; };
		30FFEC969D75D2D21D868EFA /* Pods_QuizZilla_QuizZillaUITests.framework in Frameworks */ = {isa = PBXBuildFile; fileRef = F4D629FACCB7867295735072 /* Pods_QuizZilla_QuizZillaUITests.framework */; };
		37B6BB651AC9154BC0504F7B /* Pods_QuizZilla.framework in Frameworks */ = {isa = PBXBuildFile; fileRef = 1A2D8FB92DE33F3109FA11BF /* Pods_QuizZilla.framework */; };
		7C2FD2648F3C97DA775BE284 /* Pods_QuizZillaTests.framework in Frameworks */ = {isa = PBXBuildFile; fileRef = 6A322CCD1B5FCDE5212BE627 /* Pods_QuizZillaTests.framework */; };
/* End PBXBuildFile section */

/* Begin PBXContainerItemProxy section */
		1850729E2A0A13550027A10F /* PBXContainerItemProxy */ = {
			isa = PBXContainerItemProxy;
			containerPortal = 1850727C2A0A13530027A10F /* Project object */;
			proxyType = 1;
			remoteGlobalIDString = 185072832A0A13530027A10F;
			remoteInfo = QuizZilla;
		};
		185072A82A0A13550027A10F /* PBXContainerItemProxy */ = {
			isa = PBXContainerItemProxy;
			containerPortal = 1850727C2A0A13530027A10F /* Project object */;
			proxyType = 1;
			remoteGlobalIDString = 185072832A0A13530027A10F;
			remoteInfo = QuizZilla;
		};
/* End PBXContainerItemProxy section */

/* Begin PBXFileReference section */
		022055024D2CDA99E1A2A5DF /* Pods-QuizZilla-QuizZillaUITests.release.xcconfig */ = {isa = PBXFileReference; includeInIndex = 1; lastKnownFileType = text.xcconfig; name = "Pods-QuizZilla-QuizZillaUITests.release.xcconfig"; path = "Target Support Files/Pods-QuizZilla-QuizZillaUITests/Pods-QuizZilla-QuizZillaUITests.release.xcconfig"; sourceTree = "<group>"; };
		181CB2472A123E09007C4815 /* NewQuestionsCollectionViewCell.swift */ = {isa = PBXFileReference; lastKnownFileType = sourcecode.swift; path = NewQuestionsCollectionViewCell.swift; sourceTree = "<group>"; };
		181CB2482A123E09007C4815 /* NewQuestionsCollectionViewCell.xib */ = {isa = PBXFileReference; lastKnownFileType = file.xib; path = NewQuestionsCollectionViewCell.xib; sourceTree = "<group>"; };
		1823424E2A5B36C000429A2B /* HomeViewControllerV2.swift */ = {isa = PBXFileReference; lastKnownFileType = sourcecode.swift; path = HomeViewControllerV2.swift; sourceTree = "<group>"; };
		1823424F2A5B36C000429A2B /* HomeViewControllerV2.xib */ = {isa = PBXFileReference; lastKnownFileType = file.xib; path = HomeViewControllerV2.xib; sourceTree = "<group>"; };
		1823425B2A5B447C00429A2B /* CategoryCollectionViewCell.swift */ = {isa = PBXFileReference; lastKnownFileType = sourcecode.swift; path = CategoryCollectionViewCell.swift; sourceTree = "<group>"; };
		1823425C2A5B447C00429A2B /* CategoryCollectionViewCell.xib */ = {isa = PBXFileReference; lastKnownFileType = file.xib; path = CategoryCollectionViewCell.xib; sourceTree = "<group>"; };
		185072842A0A13530027A10F /* QuizZilla.app */ = {isa = PBXFileReference; explicitFileType = wrapper.application; includeInIndex = 0; path = QuizZilla.app; sourceTree = BUILT_PRODUCTS_DIR; };
		185072872A0A13530027A10F /* AppDelegate.swift */ = {isa = PBXFileReference; lastKnownFileType = sourcecode.swift; path = AppDelegate.swift; sourceTree = "<group>"; };
		185072892A0A13530027A10F /* SceneDelegate.swift */ = {isa = PBXFileReference; lastKnownFileType = sourcecode.swift; path = SceneDelegate.swift; sourceTree = "<group>"; };
		1850728B2A0A13530027A10F /* ViewController.swift */ = {isa = PBXFileReference; lastKnownFileType = sourcecode.swift; path = ViewController.swift; sourceTree = "<group>"; };
		1850728E2A0A13530027A10F /* Base */ = {isa = PBXFileReference; lastKnownFileType = file.storyboard; name = Base; path = Base.lproj/Main.storyboard; sourceTree = "<group>"; };
		185072912A0A13530027A10F /* QuizZilla.xcdatamodel */ = {isa = PBXFileReference; lastKnownFileType = wrapper.xcdatamodel; path = QuizZilla.xcdatamodel; sourceTree = "<group>"; };
		185072932A0A13550027A10F /* Assets.xcassets */ = {isa = PBXFileReference; lastKnownFileType = folder.assetcatalog; path = Assets.xcassets; sourceTree = "<group>"; };
		185072962A0A13550027A10F /* Base */ = {isa = PBXFileReference; lastKnownFileType = file.storyboard; name = Base; path = Base.lproj/LaunchScreen.storyboard; sourceTree = "<group>"; };
		185072982A0A13550027A10F /* Info.plist */ = {isa = PBXFileReference; lastKnownFileType = text.plist.xml; path = Info.plist; sourceTree = "<group>"; };
		1850729D2A0A13550027A10F /* QuizZillaTests.xctest */ = {isa = PBXFileReference; explicitFileType = wrapper.cfbundle; includeInIndex = 0; path = QuizZillaTests.xctest; sourceTree = BUILT_PRODUCTS_DIR; };
		185072A12A0A13550027A10F /* QuizZillaTests.swift */ = {isa = PBXFileReference; lastKnownFileType = sourcecode.swift; path = QuizZillaTests.swift; sourceTree = "<group>"; };
		185072A72A0A13550027A10F /* QuizZillaUITests.xctest */ = {isa = PBXFileReference; explicitFileType = wrapper.cfbundle; includeInIndex = 0; path = QuizZillaUITests.xctest; sourceTree = BUILT_PRODUCTS_DIR; };
		185072AB2A0A13550027A10F /* QuizZillaUITests.swift */ = {isa = PBXFileReference; lastKnownFileType = sourcecode.swift; path = QuizZillaUITests.swift; sourceTree = "<group>"; };
		185072AD2A0A13550027A10F /* QuizZillaUITestsLaunchTests.swift */ = {isa = PBXFileReference; lastKnownFileType = sourcecode.swift; path = QuizZillaUITestsLaunchTests.swift; sourceTree = "<group>"; };
		185072BF2A0A13B40027A10F /* HomeViewController.swift */ = {isa = PBXFileReference; lastKnownFileType = sourcecode.swift; path = HomeViewController.swift; sourceTree = "<group>"; };
		185072C02A0A13B40027A10F /* HomeViewController.xib */ = {isa = PBXFileReference; lastKnownFileType = file.xib; path = HomeViewController.xib; sourceTree = "<group>"; };
		185072C42A0A1D5F0027A10F /* HomeCollectionViewCell.swift */ = {isa = PBXFileReference; lastKnownFileType = sourcecode.swift; path = HomeCollectionViewCell.swift; sourceTree = "<group>"; };
		185072C52A0A1D5F0027A10F /* HomeCollectionViewCell.xib */ = {isa = PBXFileReference; lastKnownFileType = file.xib; path = HomeCollectionViewCell.xib; sourceTree = "<group>"; };
		185DCCA42A0A2C61000B2DBB /* QuestionsViewController.swift */ = {isa = PBXFileReference; lastKnownFileType = sourcecode.swift; path = QuestionsViewController.swift; sourceTree = "<group>"; };
		185DCCA52A0A2C61000B2DBB /* QuestionsViewController.xib */ = {isa = PBXFileReference; lastKnownFileType = file.xib; path = QuestionsViewController.xib; sourceTree = "<group>"; };
		18A461762A0A57EA0085BD81 /* QuestionsCollectionViewCell.swift */ = {isa = PBXFileReference; lastKnownFileType = sourcecode.swift; path = QuestionsCollectionViewCell.swift; sourceTree = "<group>"; };
		18A461772A0A57EA0085BD81 /* QuestionsCollectionViewCell.xib */ = {isa = PBXFileReference; lastKnownFileType = file.xib; path = QuestionsCollectionViewCell.xib; sourceTree = "<group>"; };
		18A4617C2A0A61910085BD81 /* Extensions.swift */ = {isa = PBXFileReference; lastKnownFileType = sourcecode.swift; path = Extensions.swift; sourceTree = "<group>"; };
		18A4617E2A0A73A70085BD81 /* Trivia Model.swift */ = {isa = PBXFileReference; lastKnownFileType = sourcecode.swift; path = "Trivia Model.swift"; sourceTree = "<group>"; };
		18A461842A0A79D80085BD81 /* NetworkManager.swift */ = {isa = PBXFileReference; lastKnownFileType = sourcecode.swift; path = NetworkManager.swift; sourceTree = "<group>"; };
		18A461862A0A7B9C0085BD81 /* QuestionsViewModel.swift */ = {isa = PBXFileReference; lastKnownFileType = sourcecode.swift; path = QuestionsViewModel.swift; sourceTree = "<group>"; };
		18D3BCDD2A5D388600E07DA7 /* QuestionsViewModelV2.swift */ = {isa = PBXFileReference; lastKnownFileType = sourcecode.swift; path = QuestionsViewModelV2.swift; sourceTree = "<group>"; };
		18D3BCE62A5D3B0100E07DA7 /* TriviaModelV2.swift */ = {isa = PBXFileReference; lastKnownFileType = sourcecode.swift; path = TriviaModelV2.swift; sourceTree = "<group>"; };
		18D3BCE82A5D3B4E00E07DA7 /* QuestionsViewControllerV2.swift */ = {isa = PBXFileReference; lastKnownFileType = sourcecode.swift; path = QuestionsViewControllerV2.swift; sourceTree = "<group>"; };
		18D3BCE92A5D3B4E00E07DA7 /* QuestionsViewControllerV2.xib */ = {isa = PBXFileReference; lastKnownFileType = file.xib; path = QuestionsViewControllerV2.xib; sourceTree = "<group>"; };
		18D3BCED2A5D43F900E07DA7 /* QuestionsCollectionViewCellV2.swift */ = {isa = PBXFileReference; lastKnownFileType = sourcecode.swift; path = QuestionsCollectionViewCellV2.swift; sourceTree = "<group>"; };
		18D3BCEE2A5D43F900E07DA7 /* QuestionsCollectionViewCellV2.xib */ = {isa = PBXFileReference; lastKnownFileType = file.xib; path = QuestionsCollectionViewCellV2.xib; sourceTree = "<group>"; };
		18D3BCF12A5EC82B00E07DA7 /* Enums.swift */ = {isa = PBXFileReference; lastKnownFileType = sourcecode.swift; path = Enums.swift; sourceTree = "<group>"; };
		18E47D7B2A0BB06800E0A496 /* xMark.json */ = {isa = PBXFileReference; fileEncoding = 4; lastKnownFileType = text.json; path = xMark.json; sourceTree = "<group>"; };
		18E47D7D2A0BB56800E0A496 /* TickMark.json */ = {isa = PBXFileReference; fileEncoding = 4; lastKnownFileType = text.json; path = TickMark.json; sourceTree = "<group>"; };
		18E47D812A0CEDD300E0A496 /* ResultViewController.swift */ = {isa = PBXFileReference; lastKnownFileType = sourcecode.swift; path = ResultViewController.swift; sourceTree = "<group>"; };
		18E47D822A0CEDD300E0A496 /* ResultViewController.xib */ = {isa = PBXFileReference; lastKnownFileType = file.xib; path = ResultViewController.xib; sourceTree = "<group>"; };
		18E47D872A0CF5AF00E0A496 /* tryAgain.json */ = {isa = PBXFileReference; fileEncoding = 4; lastKnownFileType = text.json; path = tryAgain.json; sourceTree = "<group>"; };
		18E47D892A0CF94800E0A496 /* Celebration.json */ = {isa = PBXFileReference; fileEncoding = 4; lastKnownFileType = text.json; path = Celebration.json; sourceTree = "<group>"; };
		18E47D8C2A0D37A100E0A496 /* CustomPush.swift */ = {isa = PBXFileReference; lastKnownFileType = sourcecode.swift; path = CustomPush.swift; sourceTree = "<group>"; };
		18E47D8E2A0E1B9100E0A496 /* celebration2.json */ = {isa = PBXFileReference; fileEncoding = 4; lastKnownFileType = text.json; path = celebration2.json; sourceTree = "<group>"; };
		1A2D8FB92DE33F3109FA11BF /* Pods_QuizZilla.framework */ = {isa = PBXFileReference; explicitFileType = wrapper.framework; includeInIndex = 0; path = Pods_QuizZilla.framework; sourceTree = BUILT_PRODUCTS_DIR; };
		1BE75AB6A07C7E1FA96A2555 /* Pods-QuizZillaTests.release.xcconfig */ = {isa = PBXFileReference; includeInIndex = 1; lastKnownFileType = text.xcconfig; name = "Pods-QuizZillaTests.release.xcconfig"; path = "Target Support Files/Pods-QuizZillaTests/Pods-QuizZillaTests.release.xcconfig"; sourceTree = "<group>"; };
		6A322CCD1B5FCDE5212BE627 /* Pods_QuizZillaTests.framework */ = {isa = PBXFileReference; explicitFileType = wrapper.framework; includeInIndex = 0; path = Pods_QuizZillaTests.framework; sourceTree = BUILT_PRODUCTS_DIR; };
		8424B1AF075F79F2949836BA /* Pods-QuizZilla.release.xcconfig */ = {isa = PBXFileReference; includeInIndex = 1; lastKnownFileType = text.xcconfig; name = "Pods-QuizZilla.release.xcconfig"; path = "Target Support Files/Pods-QuizZilla/Pods-QuizZilla.release.xcconfig"; sourceTree = "<group>"; };
		8ECA4EDB734D91CCDA6448F0 /* Pods-QuizZilla-QuizZillaUITests.debug.xcconfig */ = {isa = PBXFileReference; includeInIndex = 1; lastKnownFileType = text.xcconfig; name = "Pods-QuizZilla-QuizZillaUITests.debug.xcconfig"; path = "Target Support Files/Pods-QuizZilla-QuizZillaUITests/Pods-QuizZilla-QuizZillaUITests.debug.xcconfig"; sourceTree = "<group>"; };
		90B6728FD727D59F5DE3FBC7 /* Pods-QuizZillaTests.debug.xcconfig */ = {isa = PBXFileReference; includeInIndex = 1; lastKnownFileType = text.xcconfig; name = "Pods-QuizZillaTests.debug.xcconfig"; path = "Target Support Files/Pods-QuizZillaTests/Pods-QuizZillaTests.debug.xcconfig"; sourceTree = "<group>"; };
		B44BC47DF662B65E404BF46F /* Pods-QuizZilla.debug.xcconfig */ = {isa = PBXFileReference; includeInIndex = 1; lastKnownFileType = text.xcconfig; name = "Pods-QuizZilla.debug.xcconfig"; path = "Target Support Files/Pods-QuizZilla/Pods-QuizZilla.debug.xcconfig"; sourceTree = "<group>"; };
		F4D629FACCB7867295735072 /* Pods_QuizZilla_QuizZillaUITests.framework */ = {isa = PBXFileReference; explicitFileType = wrapper.framework; includeInIndex = 0; path = Pods_QuizZilla_QuizZillaUITests.framework; sourceTree = BUILT_PRODUCTS_DIR; };
/* End PBXFileReference section */

/* Begin PBXFrameworksBuildPhase section */
		185072812A0A13530027A10F /* Frameworks */ = {
			isa = PBXFrameworksBuildPhase;
			buildActionMask = 2147483647;
			files = (
				181CB24D2A12447A007C4815 /* GoogleMobileAds in Frameworks */,
				37B6BB651AC9154BC0504F7B /* Pods_QuizZilla.framework in Frameworks */,
			);
			runOnlyForDeploymentPostprocessing = 0;
		};
		1850729A2A0A13550027A10F /* Frameworks */ = {
			isa = PBXFrameworksBuildPhase;
			buildActionMask = 2147483647;
			files = (
				7C2FD2648F3C97DA775BE284 /* Pods_QuizZillaTests.framework in Frameworks */,
			);
			runOnlyForDeploymentPostprocessing = 0;
		};
		185072A42A0A13550027A10F /* Frameworks */ = {
			isa = PBXFrameworksBuildPhase;
			buildActionMask = 2147483647;
			files = (
				30FFEC969D75D2D21D868EFA /* Pods_QuizZilla_QuizZillaUITests.framework in Frameworks */,
			);
			runOnlyForDeploymentPostprocessing = 0;
		};
/* End PBXFrameworksBuildPhase section */

/* Begin PBXGroup section */
		181CB2042A1114A7007C4815 /* SystemFiles */ = {
			isa = PBXGroup;
			children = (
				185072872A0A13530027A10F /* AppDelegate.swift */,
				185072892A0A13530027A10F /* SceneDelegate.swift */,
				1850728B2A0A13530027A10F /* ViewController.swift */,
				1850728D2A0A13530027A10F /* Main.storyboard */,
			);
			path = SystemFiles;
			sourceTree = "<group>";
		};
		181CB2462A123D74007C4815 /* NewQuestionsCollectionViewCell */ = {
			isa = PBXGroup;
			children = (
				181CB2472A123E09007C4815 /* NewQuestionsCollectionViewCell.swift */,
				181CB2482A123E09007C4815 /* NewQuestionsCollectionViewCell.xib */,
			);
			path = NewQuestionsCollectionViewCell;
			sourceTree = "<group>";
		};
		182342432A5B35A800429A2B /* Version 2 */ = {
			isa = PBXGroup;
			children = (
				182342442A5B35BB00429A2B /* Modules */,
			);
			path = "Version 2";
			sourceTree = "<group>";
		};
		182342442A5B35BB00429A2B /* Modules */ = {
			isa = PBXGroup;
			children = (
				18D3BCE02A5D396900E07DA7 /* QuestionsModule */,
				1823424A2A5B366B00429A2B /* HomeModule */,
			);
			path = Modules;
			sourceTree = "<group>";
		};
		1823424A2A5B366B00429A2B /* HomeModule */ = {
			isa = PBXGroup;
			children = (
				1823424D2A5B368A00429A2B /* Model */,
				1823424C2A5B368500429A2B /* ViewModel */,
				1823424B2A5B367B00429A2B /* View */,
			);
			path = HomeModule;
			sourceTree = "<group>";
		};
		1823424B2A5B367B00429A2B /* View */ = {
			isa = PBXGroup;
			children = (
				182342522A5B42F400429A2B /* CategoryCollectionViewCell */,
				1823424E2A5B36C000429A2B /* HomeViewControllerV2.swift */,
				1823424F2A5B36C000429A2B /* HomeViewControllerV2.xib */,
			);
			path = View;
			sourceTree = "<group>";
		};
		1823424C2A5B368500429A2B /* ViewModel */ = {
			isa = PBXGroup;
			children = (
			);
			path = ViewModel;
			sourceTree = "<group>";
		};
		1823424D2A5B368A00429A2B /* Model */ = {
			isa = PBXGroup;
			children = (
			);
			path = Model;
			sourceTree = "<group>";
		};
		182342522A5B42F400429A2B /* CategoryCollectionViewCell */ = {
			isa = PBXGroup;
			children = (
				1823425B2A5B447C00429A2B /* CategoryCollectionViewCell.swift */,
				1823425C2A5B447C00429A2B /* CategoryCollectionViewCell.xib */,
			);
			path = CategoryCollectionViewCell;
			sourceTree = "<group>";
		};
		1850727B2A0A13530027A10F = {
			isa = PBXGroup;
			children = (
				185072862A0A13530027A10F /* QuizZilla */,
				185072A02A0A13550027A10F /* QuizZillaTests */,
				185072AA2A0A13550027A10F /* QuizZillaUITests */,
				185072852A0A13530027A10F /* Products */,
				61BFF096494CB196F5498B49 /* Pods */,
				79BA36CD13C23EC8561B2E2E /* Frameworks */,
			);
			sourceTree = "<group>";
		};
		185072852A0A13530027A10F /* Products */ = {
			isa = PBXGroup;
			children = (
				185072842A0A13530027A10F /* QuizZilla.app */,
				1850729D2A0A13550027A10F /* QuizZillaTests.xctest */,
				185072A72A0A13550027A10F /* QuizZillaUITests.xctest */,
			);
			name = Products;
			sourceTree = "<group>";
		};
		185072862A0A13530027A10F /* QuizZilla */ = {
			isa = PBXGroup;
			children = (
				18A4617A2A0A61640085BD81 /* Utilities */,
				182342432A5B35A800429A2B /* Version 2 */,
				185072BA2A0A135C0027A10F /* Version 1 */,
				18E47D762A0BACA300E0A496 /* Assets */,
				181CB2042A1114A7007C4815 /* SystemFiles */,
				185072952A0A13550027A10F /* LaunchScreen.storyboard */,
				185072982A0A13550027A10F /* Info.plist */,
				185072902A0A13530027A10F /* QuizZilla.xcdatamodeld */,
			);
			path = QuizZilla;
			sourceTree = "<group>";
		};
		185072A02A0A13550027A10F /* QuizZillaTests */ = {
			isa = PBXGroup;
			children = (
				185072A12A0A13550027A10F /* QuizZillaTests.swift */,
			);
			path = QuizZillaTests;
			sourceTree = "<group>";
		};
		185072AA2A0A13550027A10F /* QuizZillaUITests */ = {
			isa = PBXGroup;
			children = (
				185072AB2A0A13550027A10F /* QuizZillaUITests.swift */,
				185072AD2A0A13550027A10F /* QuizZillaUITestsLaunchTests.swift */,
			);
			path = QuizZillaUITests;
			sourceTree = "<group>";
		};
		185072BA2A0A135C0027A10F /* Version 1 */ = {
			isa = PBXGroup;
			children = (
				18A4617B2A0A61700085BD81 /* Modules */,
			);
			path = "Version 1";
			sourceTree = "<group>";
		};
		185072BB2A0A136C0027A10F /* Home Module */ = {
			isa = PBXGroup;
			children = (
				185072BE2A0A138E0027A10F /* Model */,
				185072BD2A0A13840027A10F /* ViewModel */,
				185072BC2A0A137B0027A10F /* View */,
			);
			path = "Home Module";
			sourceTree = "<group>";
		};
		185072BC2A0A137B0027A10F /* View */ = {
			isa = PBXGroup;
			children = (
				185072C32A0A1D3E0027A10F /* HomeCollectionViewCell */,
				185072BF2A0A13B40027A10F /* HomeViewController.swift */,
				185072C02A0A13B40027A10F /* HomeViewController.xib */,
			);
			path = View;
			sourceTree = "<group>";
		};
		185072BD2A0A13840027A10F /* ViewModel */ = {
			isa = PBXGroup;
			children = (
			);
			path = ViewModel;
			sourceTree = "<group>";
		};
		185072BE2A0A138E0027A10F /* Model */ = {
			isa = PBXGroup;
			children = (
			);
			path = Model;
			sourceTree = "<group>";
		};
		185072C32A0A1D3E0027A10F /* HomeCollectionViewCell */ = {
			isa = PBXGroup;
			children = (
				185072C42A0A1D5F0027A10F /* HomeCollectionViewCell.swift */,
				185072C52A0A1D5F0027A10F /* HomeCollectionViewCell.xib */,
			);
			path = HomeCollectionViewCell;
			sourceTree = "<group>";
		};
		185072C82A0A2B060027A10F /* QuestionsModule */ = {
			isa = PBXGroup;
			children = (
				185DCCA92A0A2C71000B2DBB /* Model */,
				185DCCA82A0A2C6C000B2DBB /* ViewModel */,
				185072CD2A0A2B2B0027A10F /* View */,
			);
			path = QuestionsModule;
			sourceTree = "<group>";
		};
		185072CD2A0A2B2B0027A10F /* View */ = {
			isa = PBXGroup;
			children = (
				181CB2462A123D74007C4815 /* NewQuestionsCollectionViewCell */,
				18A461712A0A52FB0085BD81 /* QuestionsCollectionViewCell */,
				185DCCA42A0A2C61000B2DBB /* QuestionsViewController.swift */,
				185DCCA52A0A2C61000B2DBB /* QuestionsViewController.xib */,
			);
			path = View;
			sourceTree = "<group>";
		};
		185DCCA82A0A2C6C000B2DBB /* ViewModel */ = {
			isa = PBXGroup;
			children = (
				18A461862A0A7B9C0085BD81 /* QuestionsViewModel.swift */,
			);
			path = ViewModel;
			sourceTree = "<group>";
		};
		185DCCA92A0A2C71000B2DBB /* Model */ = {
			isa = PBXGroup;
			children = (
				18A4617E2A0A73A70085BD81 /* Trivia Model.swift */,
			);
			path = Model;
			sourceTree = "<group>";
		};
		18A461712A0A52FB0085BD81 /* QuestionsCollectionViewCell */ = {
			isa = PBXGroup;
			children = (
				18A461762A0A57EA0085BD81 /* QuestionsCollectionViewCell.swift */,
				18A461772A0A57EA0085BD81 /* QuestionsCollectionViewCell.xib */,
			);
			path = QuestionsCollectionViewCell;
			sourceTree = "<group>";
		};
		18A4617A2A0A61640085BD81 /* Utilities */ = {
			isa = PBXGroup;
			children = (
				18E47D8B2A0D378C00E0A496 /* CustomPush */,
				18A4617C2A0A61910085BD81 /* Extensions.swift */,
				18A461842A0A79D80085BD81 /* NetworkManager.swift */,
				18D3BCF12A5EC82B00E07DA7 /* Enums.swift */,
			);
			path = Utilities;
			sourceTree = "<group>";
		};
		18A4617B2A0A61700085BD81 /* Modules */ = {
			isa = PBXGroup;
			children = (
				18E47D7F2A0CED9E00E0A496 /* ResultModule */,
				185072C82A0A2B060027A10F /* QuestionsModule */,
				185072BB2A0A136C0027A10F /* Home Module */,
			);
			path = Modules;
			sourceTree = "<group>";
		};
		18D3BCE02A5D396900E07DA7 /* QuestionsModule */ = {
			isa = PBXGroup;
			children = (
				18D3BCE32A5D397B00E07DA7 /* Model */,
				18D3BCE22A5D397600E07DA7 /* ViewModel */,
				18D3BCE12A5D397100E07DA7 /* View */,
			);
			path = QuestionsModule;
			sourceTree = "<group>";
		};
		18D3BCE12A5D397100E07DA7 /* View */ = {
			isa = PBXGroup;
			children = (
				18D3BCEC2A5D43CE00E07DA7 /* QuestionsCollectionViewCellV2 */,
				18D3BCE82A5D3B4E00E07DA7 /* QuestionsViewControllerV2.swift */,
				18D3BCE92A5D3B4E00E07DA7 /* QuestionsViewControllerV2.xib */,
			);
			path = View;
			sourceTree = "<group>";
		};
		18D3BCE22A5D397600E07DA7 /* ViewModel */ = {
			isa = PBXGroup;
			children = (
				18D3BCDD2A5D388600E07DA7 /* QuestionsViewModelV2.swift */,
			);
			path = ViewModel;
			sourceTree = "<group>";
		};
		18D3BCE32A5D397B00E07DA7 /* Model */ = {
			isa = PBXGroup;
			children = (
				18D3BCE62A5D3B0100E07DA7 /* TriviaModelV2.swift */,
			);
			path = Model;
			sourceTree = "<group>";
		};
		18D3BCEC2A5D43CE00E07DA7 /* QuestionsCollectionViewCellV2 */ = {
			isa = PBXGroup;
			children = (
				18D3BCED2A5D43F900E07DA7 /* QuestionsCollectionViewCellV2.swift */,
				18D3BCEE2A5D43F900E07DA7 /* QuestionsCollectionViewCellV2.xib */,
			);
			path = QuestionsCollectionViewCellV2;
			sourceTree = "<group>";
		};
		18E47D762A0BACA300E0A496 /* Assets */ = {
			isa = PBXGroup;
			children = (
				18E47D782A0BAD1600E0A496 /* LottieAnimations */,
				185072932A0A13550027A10F /* Assets.xcassets */,
			);
			path = Assets;
			sourceTree = "<group>";
		};
		18E47D782A0BAD1600E0A496 /* LottieAnimations */ = {
			isa = PBXGroup;
			children = (
				18E47D8E2A0E1B9100E0A496 /* celebration2.json */,
				18E47D892A0CF94800E0A496 /* Celebration.json */,
				18E47D872A0CF5AF00E0A496 /* tryAgain.json */,
				18E47D7B2A0BB06800E0A496 /* xMark.json */,
				18E47D7D2A0BB56800E0A496 /* TickMark.json */,
			);
			path = LottieAnimations;
			sourceTree = "<group>";
		};
		18E47D7F2A0CED9E00E0A496 /* ResultModule */ = {
			isa = PBXGroup;
			children = (
				18E47D802A0CEDB600E0A496 /* View */,
			);
			path = ResultModule;
			sourceTree = "<group>";
		};
		18E47D802A0CEDB600E0A496 /* View */ = {
			isa = PBXGroup;
			children = (
				18E47D812A0CEDD300E0A496 /* ResultViewController.swift */,
				18E47D822A0CEDD300E0A496 /* ResultViewController.xib */,
			);
			path = View;
			sourceTree = "<group>";
		};
		18E47D8B2A0D378C00E0A496 /* CustomPush */ = {
			isa = PBXGroup;
			children = (
				18E47D8C2A0D37A100E0A496 /* CustomPush.swift */,
			);
			path = CustomPush;
			sourceTree = "<group>";
		};
		61BFF096494CB196F5498B49 /* Pods */ = {
			isa = PBXGroup;
			children = (
				B44BC47DF662B65E404BF46F /* Pods-QuizZilla.debug.xcconfig */,
				8424B1AF075F79F2949836BA /* Pods-QuizZilla.release.xcconfig */,
				8ECA4EDB734D91CCDA6448F0 /* Pods-QuizZilla-QuizZillaUITests.debug.xcconfig */,
				022055024D2CDA99E1A2A5DF /* Pods-QuizZilla-QuizZillaUITests.release.xcconfig */,
				90B6728FD727D59F5DE3FBC7 /* Pods-QuizZillaTests.debug.xcconfig */,
				1BE75AB6A07C7E1FA96A2555 /* Pods-QuizZillaTests.release.xcconfig */,
			);
			path = Pods;
			sourceTree = "<group>";
		};
		79BA36CD13C23EC8561B2E2E /* Frameworks */ = {
			isa = PBXGroup;
			children = (
				1A2D8FB92DE33F3109FA11BF /* Pods_QuizZilla.framework */,
				F4D629FACCB7867295735072 /* Pods_QuizZilla_QuizZillaUITests.framework */,
				6A322CCD1B5FCDE5212BE627 /* Pods_QuizZillaTests.framework */,
			);
			name = Frameworks;
			sourceTree = "<group>";
		};
/* End PBXGroup section */

/* Begin PBXNativeTarget section */
		185072832A0A13530027A10F /* QuizZilla */ = {
			isa = PBXNativeTarget;
			buildConfigurationList = 185072B12A0A13550027A10F /* Build configuration list for PBXNativeTarget "QuizZilla" */;
			buildPhases = (
				50F37FB92FA7C87903927198 /* [CP] Check Pods Manifest.lock */,
				185072802A0A13530027A10F /* Sources */,
				185072812A0A13530027A10F /* Frameworks */,
				185072822A0A13530027A10F /* Resources */,
				D571A0171A04FA1586A873BD /* [CP] Embed Pods Frameworks */,
			);
			buildRules = (
			);
			dependencies = (
			);
			name = QuizZilla;
			packageProductDependencies = (
				181CB24C2A12447A007C4815 /* GoogleMobileAds */,
			);
			productName = QuizZilla;
			productReference = 185072842A0A13530027A10F /* QuizZilla.app */;
			productType = "com.apple.product-type.application";
		};
		1850729C2A0A13550027A10F /* QuizZillaTests */ = {
			isa = PBXNativeTarget;
			buildConfigurationList = 185072B42A0A13550027A10F /* Build configuration list for PBXNativeTarget "QuizZillaTests" */;
			buildPhases = (
				1D9FFF9932D9D9970B30E8CB /* [CP] Check Pods Manifest.lock */,
				185072992A0A13550027A10F /* Sources */,
				1850729A2A0A13550027A10F /* Frameworks */,
				1850729B2A0A13550027A10F /* Resources */,
			);
			buildRules = (
			);
			dependencies = (
				1850729F2A0A13550027A10F /* PBXTargetDependency */,
			);
			name = QuizZillaTests;
			productName = QuizZillaTests;
			productReference = 1850729D2A0A13550027A10F /* QuizZillaTests.xctest */;
			productType = "com.apple.product-type.bundle.unit-test";
		};
		185072A62A0A13550027A10F /* QuizZillaUITests */ = {
			isa = PBXNativeTarget;
			buildConfigurationList = 185072B72A0A13550027A10F /* Build configuration list for PBXNativeTarget "QuizZillaUITests" */;
			buildPhases = (
				65912A4B4D191784947D7AE6 /* [CP] Check Pods Manifest.lock */,
				185072A32A0A13550027A10F /* Sources */,
				185072A42A0A13550027A10F /* Frameworks */,
				185072A52A0A13550027A10F /* Resources */,
				91C550D70F502522D9D77BBC /* [CP] Embed Pods Frameworks */,
			);
			buildRules = (
			);
			dependencies = (
				185072A92A0A13550027A10F /* PBXTargetDependency */,
			);
			name = QuizZillaUITests;
			productName = QuizZillaUITests;
			productReference = 185072A72A0A13550027A10F /* QuizZillaUITests.xctest */;
			productType = "com.apple.product-type.bundle.ui-testing";
		};
/* End PBXNativeTarget section */

/* Begin PBXProject section */
		1850727C2A0A13530027A10F /* Project object */ = {
			isa = PBXProject;
			attributes = {
				BuildIndependentTargetsInParallel = 1;
				LastSwiftUpdateCheck = 1400;
				LastUpgradeCheck = 1400;
				TargetAttributes = {
					185072832A0A13530027A10F = {
						CreatedOnToolsVersion = 14.0.1;
					};
					1850729C2A0A13550027A10F = {
						CreatedOnToolsVersion = 14.0.1;
						TestTargetID = 185072832A0A13530027A10F;
					};
					185072A62A0A13550027A10F = {
						CreatedOnToolsVersion = 14.0.1;
						TestTargetID = 185072832A0A13530027A10F;
					};
				};
			};
			buildConfigurationList = 1850727F2A0A13530027A10F /* Build configuration list for PBXProject "QuizZilla" */;
			compatibilityVersion = "Xcode 14.0";
			developmentRegion = en;
			hasScannedForEncodings = 0;
			knownRegions = (
				en,
				Base,
			);
			mainGroup = 1850727B2A0A13530027A10F;
			packageReferences = (
				181CB24B2A12447A007C4815 /* XCRemoteSwiftPackageReference "swift-package-manager-google-mobile-ads" */,
			);
			productRefGroup = 185072852A0A13530027A10F /* Products */;
			projectDirPath = "";
			projectRoot = "";
			targets = (
				185072832A0A13530027A10F /* QuizZilla */,
				1850729C2A0A13550027A10F /* QuizZillaTests */,
				185072A62A0A13550027A10F /* QuizZillaUITests */,
			);
		};
/* End PBXProject section */

/* Begin PBXResourcesBuildPhase section */
		185072822A0A13530027A10F /* Resources */ = {
			isa = PBXResourcesBuildPhase;
			buildActionMask = 2147483647;
			files = (
				18E47D882A0CF5AF00E0A496 /* tryAgain.json in Resources */,
				18E47D7E2A0BB56800E0A496 /* TickMark.json in Resources */,
				185DCCA72A0A2C61000B2DBB /* QuestionsViewController.xib in Resources */,
				185072C72A0A1D5F0027A10F /* HomeCollectionViewCell.xib in Resources */,
				1823425E2A5B447C00429A2B /* CategoryCollectionViewCell.xib in Resources */,
				18E47D842A0CEDD300E0A496 /* ResultViewController.xib in Resources */,
				18D3BCEB2A5D3B4E00E07DA7 /* QuestionsViewControllerV2.xib in Resources */,
				185072972A0A13550027A10F /* LaunchScreen.storyboard in Resources */,
				185072942A0A13550027A10F /* Assets.xcassets in Resources */,
				181CB24A2A123E09007C4815 /* NewQuestionsCollectionViewCell.xib in Resources */,
				1850728F2A0A13530027A10F /* Main.storyboard in Resources */,
				18E47D8F2A0E1B9100E0A496 /* celebration2.json in Resources */,
				18E47D8A2A0CF94800E0A496 /* Celebration.json in Resources */,
				18A461792A0A57EA0085BD81 /* QuestionsCollectionViewCell.xib in Resources */,
				185072C22A0A13B40027A10F /* HomeViewController.xib in Resources */,
				182342512A5B36C000429A2B /* HomeViewControllerV2.xib in Resources */,
				18D3BCF02A5D43F900E07DA7 /* QuestionsCollectionViewCellV2.xib in Resources */,
				18E47D7C2A0BB06800E0A496 /* xMark.json in Resources */,
			);
			runOnlyForDeploymentPostprocessing = 0;
		};
		1850729B2A0A13550027A10F /* Resources */ = {
			isa = PBXResourcesBuildPhase;
			buildActionMask = 2147483647;
			files = (
			);
			runOnlyForDeploymentPostprocessing = 0;
		};
		185072A52A0A13550027A10F /* Resources */ = {
			isa = PBXResourcesBuildPhase;
			buildActionMask = 2147483647;
			files = (
			);
			runOnlyForDeploymentPostprocessing = 0;
		};
/* End PBXResourcesBuildPhase section */

/* Begin PBXShellScriptBuildPhase section */
		1D9FFF9932D9D9970B30E8CB /* [CP] Check Pods Manifest.lock */ = {
			isa = PBXShellScriptBuildPhase;
			buildActionMask = 2147483647;
			files = (
			);
			inputFileListPaths = (
			);
			inputPaths = (
				"${PODS_PODFILE_DIR_PATH}/Podfile.lock",
				"${PODS_ROOT}/Manifest.lock",
			);
			name = "[CP] Check Pods Manifest.lock";
			outputFileListPaths = (
			);
			outputPaths = (
				"$(DERIVED_FILE_DIR)/Pods-QuizZillaTests-checkManifestLockResult.txt",
			);
			runOnlyForDeploymentPostprocessing = 0;
			shellPath = /bin/sh;
			shellScript = "diff \"${PODS_PODFILE_DIR_PATH}/Podfile.lock\" \"${PODS_ROOT}/Manifest.lock\" > /dev/null\nif [ $? != 0 ] ; then\n    # print error to STDERR\n    echo \"error: The sandbox is not in sync with the Podfile.lock. Run 'pod install' or update your CocoaPods installation.\" >&2\n    exit 1\nfi\n# This output is used by Xcode 'outputs' to avoid re-running this script phase.\necho \"SUCCESS\" > \"${SCRIPT_OUTPUT_FILE_0}\"\n";
			showEnvVarsInLog = 0;
		};
		50F37FB92FA7C87903927198 /* [CP] Check Pods Manifest.lock */ = {
			isa = PBXShellScriptBuildPhase;
			buildActionMask = 2147483647;
			files = (
			);
			inputFileListPaths = (
			);
			inputPaths = (
				"${PODS_PODFILE_DIR_PATH}/Podfile.lock",
				"${PODS_ROOT}/Manifest.lock",
			);
			name = "[CP] Check Pods Manifest.lock";
			outputFileListPaths = (
			);
			outputPaths = (
				"$(DERIVED_FILE_DIR)/Pods-QuizZilla-checkManifestLockResult.txt",
			);
			runOnlyForDeploymentPostprocessing = 0;
			shellPath = /bin/sh;
			shellScript = "diff \"${PODS_PODFILE_DIR_PATH}/Podfile.lock\" \"${PODS_ROOT}/Manifest.lock\" > /dev/null\nif [ $? != 0 ] ; then\n    # print error to STDERR\n    echo \"error: The sandbox is not in sync with the Podfile.lock. Run 'pod install' or update your CocoaPods installation.\" >&2\n    exit 1\nfi\n# This output is used by Xcode 'outputs' to avoid re-running this script phase.\necho \"SUCCESS\" > \"${SCRIPT_OUTPUT_FILE_0}\"\n";
			showEnvVarsInLog = 0;
		};
		65912A4B4D191784947D7AE6 /* [CP] Check Pods Manifest.lock */ = {
			isa = PBXShellScriptBuildPhase;
			buildActionMask = 2147483647;
			files = (
			);
			inputFileListPaths = (
			);
			inputPaths = (
				"${PODS_PODFILE_DIR_PATH}/Podfile.lock",
				"${PODS_ROOT}/Manifest.lock",
			);
			name = "[CP] Check Pods Manifest.lock";
			outputFileListPaths = (
			);
			outputPaths = (
				"$(DERIVED_FILE_DIR)/Pods-QuizZilla-QuizZillaUITests-checkManifestLockResult.txt",
			);
			runOnlyForDeploymentPostprocessing = 0;
			shellPath = /bin/sh;
			shellScript = "diff \"${PODS_PODFILE_DIR_PATH}/Podfile.lock\" \"${PODS_ROOT}/Manifest.lock\" > /dev/null\nif [ $? != 0 ] ; then\n    # print error to STDERR\n    echo \"error: The sandbox is not in sync with the Podfile.lock. Run 'pod install' or update your CocoaPods installation.\" >&2\n    exit 1\nfi\n# This output is used by Xcode 'outputs' to avoid re-running this script phase.\necho \"SUCCESS\" > \"${SCRIPT_OUTPUT_FILE_0}\"\n";
			showEnvVarsInLog = 0;
		};
		91C550D70F502522D9D77BBC /* [CP] Embed Pods Frameworks */ = {
			isa = PBXShellScriptBuildPhase;
			buildActionMask = 2147483647;
			files = (
			);
			inputFileListPaths = (
				"${PODS_ROOT}/Target Support Files/Pods-QuizZilla-QuizZillaUITests/Pods-QuizZilla-QuizZillaUITests-frameworks-${CONFIGURATION}-input-files.xcfilelist",
			);
			name = "[CP] Embed Pods Frameworks";
			outputFileListPaths = (
				"${PODS_ROOT}/Target Support Files/Pods-QuizZilla-QuizZillaUITests/Pods-QuizZilla-QuizZillaUITests-frameworks-${CONFIGURATION}-output-files.xcfilelist",
			);
			runOnlyForDeploymentPostprocessing = 0;
			shellPath = /bin/sh;
			shellScript = "\"${PODS_ROOT}/Target Support Files/Pods-QuizZilla-QuizZillaUITests/Pods-QuizZilla-QuizZillaUITests-frameworks.sh\"\n";
			showEnvVarsInLog = 0;
		};
		D571A0171A04FA1586A873BD /* [CP] Embed Pods Frameworks */ = {
			isa = PBXShellScriptBuildPhase;
			buildActionMask = 2147483647;
			files = (
			);
			inputFileListPaths = (
				"${PODS_ROOT}/Target Support Files/Pods-QuizZilla/Pods-QuizZilla-frameworks-${CONFIGURATION}-input-files.xcfilelist",
			);
			name = "[CP] Embed Pods Frameworks";
			outputFileListPaths = (
				"${PODS_ROOT}/Target Support Files/Pods-QuizZilla/Pods-QuizZilla-frameworks-${CONFIGURATION}-output-files.xcfilelist",
			);
			runOnlyForDeploymentPostprocessing = 0;
			shellPath = /bin/sh;
			shellScript = "\"${PODS_ROOT}/Target Support Files/Pods-QuizZilla/Pods-QuizZilla-frameworks.sh\"\n";
			showEnvVarsInLog = 0;
		};
/* End PBXShellScriptBuildPhase section */

/* Begin PBXSourcesBuildPhase section */
		185072802A0A13530027A10F /* Sources */ = {
			isa = PBXSourcesBuildPhase;
			buildActionMask = 2147483647;
			files = (
				18E47D832A0CEDD300E0A496 /* ResultViewController.swift in Sources */,
				185072C12A0A13B40027A10F /* HomeViewController.swift in Sources */,
				18D3BCDE2A5D388600E07DA7 /* QuestionsViewModelV2.swift in Sources */,
				18A4617D2A0A61910085BD81 /* Extensions.swift in Sources */,
				1823425D2A5B447C00429A2B /* CategoryCollectionViewCell.swift in Sources */,
				185DCCA62A0A2C61000B2DBB /* QuestionsViewController.swift in Sources */,
				18E47D8D2A0D37A100E0A496 /* CustomPush.swift in Sources */,
				182342502A5B36C000429A2B /* HomeViewControllerV2.swift in Sources */,
				18A461852A0A79D80085BD81 /* NetworkManager.swift in Sources */,
				18A461872A0A7B9C0085BD81 /* QuestionsViewModel.swift in Sources */,
				18D3BCF22A5EC82C00E07DA7 /* Enums.swift in Sources */,
				18D3BCEF2A5D43F900E07DA7 /* QuestionsCollectionViewCellV2.swift in Sources */,
				18A4617F2A0A73A70085BD81 /* Trivia Model.swift in Sources */,
				18A461782A0A57EA0085BD81 /* QuestionsCollectionViewCell.swift in Sources */,
				18D3BCEA2A5D3B4E00E07DA7 /* QuestionsViewControllerV2.swift in Sources */,
				1850728C2A0A13530027A10F /* ViewController.swift in Sources */,
				185072882A0A13530027A10F /* AppDelegate.swift in Sources */,
				181CB2492A123E09007C4815 /* NewQuestionsCollectionViewCell.swift in Sources */,
				18D3BCE72A5D3B0100E07DA7 /* TriviaModelV2.swift in Sources */,
				1850728A2A0A13530027A10F /* SceneDelegate.swift in Sources */,
				185072922A0A13530027A10F /* QuizZilla.xcdatamodeld in Sources */,
				185072C62A0A1D5F0027A10F /* HomeCollectionViewCell.swift in Sources */,
			);
			runOnlyForDeploymentPostprocessing = 0;
		};
		185072992A0A13550027A10F /* Sources */ = {
			isa = PBXSourcesBuildPhase;
			buildActionMask = 2147483647;
			files = (
				185072A22A0A13550027A10F /* QuizZillaTests.swift in Sources */,
			);
			runOnlyForDeploymentPostprocessing = 0;
		};
		185072A32A0A13550027A10F /* Sources */ = {
			isa = PBXSourcesBuildPhase;
			buildActionMask = 2147483647;
			files = (
				185072AE2A0A13550027A10F /* QuizZillaUITestsLaunchTests.swift in Sources */,
				185072AC2A0A13550027A10F /* QuizZillaUITests.swift in Sources */,
			);
			runOnlyForDeploymentPostprocessing = 0;
		};
/* End PBXSourcesBuildPhase section */

/* Begin PBXTargetDependency section */
		1850729F2A0A13550027A10F /* PBXTargetDependency */ = {
			isa = PBXTargetDependency;
			target = 185072832A0A13530027A10F /* QuizZilla */;
			targetProxy = 1850729E2A0A13550027A10F /* PBXContainerItemProxy */;
		};
		185072A92A0A13550027A10F /* PBXTargetDependency */ = {
			isa = PBXTargetDependency;
			target = 185072832A0A13530027A10F /* QuizZilla */;
			targetProxy = 185072A82A0A13550027A10F /* PBXContainerItemProxy */;
		};
/* End PBXTargetDependency section */

/* Begin PBXVariantGroup section */
		1850728D2A0A13530027A10F /* Main.storyboard */ = {
			isa = PBXVariantGroup;
			children = (
				1850728E2A0A13530027A10F /* Base */,
			);
			name = Main.storyboard;
			sourceTree = "<group>";
		};
		185072952A0A13550027A10F /* LaunchScreen.storyboard */ = {
			isa = PBXVariantGroup;
			children = (
				185072962A0A13550027A10F /* Base */,
			);
			name = LaunchScreen.storyboard;
			sourceTree = "<group>";
		};
/* End PBXVariantGroup section */

/* Begin XCBuildConfiguration section */
		185072AF2A0A13550027A10F /* Debug */ = {
			isa = XCBuildConfiguration;
			buildSettings = {
				ALWAYS_SEARCH_USER_PATHS = NO;
				CLANG_ANALYZER_NONNULL = YES;
				CLANG_ANALYZER_NUMBER_OBJECT_CONVERSION = YES_AGGRESSIVE;
				CLANG_CXX_LANGUAGE_STANDARD = "gnu++20";
				CLANG_ENABLE_MODULES = YES;
				CLANG_ENABLE_OBJC_ARC = YES;
				CLANG_ENABLE_OBJC_WEAK = YES;
				CLANG_WARN_BLOCK_CAPTURE_AUTORELEASING = YES;
				CLANG_WARN_BOOL_CONVERSION = YES;
				CLANG_WARN_COMMA = YES;
				CLANG_WARN_CONSTANT_CONVERSION = YES;
				CLANG_WARN_DEPRECATED_OBJC_IMPLEMENTATIONS = YES;
				CLANG_WARN_DIRECT_OBJC_ISA_USAGE = YES_ERROR;
				CLANG_WARN_DOCUMENTATION_COMMENTS = YES;
				CLANG_WARN_EMPTY_BODY = YES;
				CLANG_WARN_ENUM_CONVERSION = YES;
				CLANG_WARN_INFINITE_RECURSION = YES;
				CLANG_WARN_INT_CONVERSION = YES;
				CLANG_WARN_NON_LITERAL_NULL_CONVERSION = YES;
				CLANG_WARN_OBJC_IMPLICIT_RETAIN_SELF = YES;
				CLANG_WARN_OBJC_LITERAL_CONVERSION = YES;
				CLANG_WARN_OBJC_ROOT_CLASS = YES_ERROR;
				CLANG_WARN_QUOTED_INCLUDE_IN_FRAMEWORK_HEADER = YES;
				CLANG_WARN_RANGE_LOOP_ANALYSIS = YES;
				CLANG_WARN_STRICT_PROTOTYPES = YES;
				CLANG_WARN_SUSPICIOUS_MOVE = YES;
				CLANG_WARN_UNGUARDED_AVAILABILITY = YES_AGGRESSIVE;
				CLANG_WARN_UNREACHABLE_CODE = YES;
				CLANG_WARN__DUPLICATE_METHOD_MATCH = YES;
				COPY_PHASE_STRIP = NO;
				DEBUG_INFORMATION_FORMAT = dwarf;
				ENABLE_STRICT_OBJC_MSGSEND = YES;
				ENABLE_TESTABILITY = YES;
				GCC_C_LANGUAGE_STANDARD = gnu11;
				GCC_DYNAMIC_NO_PIC = NO;
				GCC_NO_COMMON_BLOCKS = YES;
				GCC_OPTIMIZATION_LEVEL = 0;
				GCC_PREPROCESSOR_DEFINITIONS = (
					"DEBUG=1",
					"$(inherited)",
				);
				GCC_WARN_64_TO_32_BIT_CONVERSION = YES;
				GCC_WARN_ABOUT_RETURN_TYPE = YES_ERROR;
				GCC_WARN_UNDECLARED_SELECTOR = YES;
				GCC_WARN_UNINITIALIZED_AUTOS = YES_AGGRESSIVE;
				GCC_WARN_UNUSED_FUNCTION = YES;
				GCC_WARN_UNUSED_VARIABLE = YES;
				IPHONEOS_DEPLOYMENT_TARGET = 16.0;
				MTL_ENABLE_DEBUG_INFO = INCLUDE_SOURCE;
				MTL_FAST_MATH = YES;
				ONLY_ACTIVE_ARCH = YES;
				SDKROOT = iphoneos;
				SWIFT_ACTIVE_COMPILATION_CONDITIONS = DEBUG;
				SWIFT_OPTIMIZATION_LEVEL = "-Onone";
			};
			name = Debug;
		};
		185072B02A0A13550027A10F /* Release */ = {
			isa = XCBuildConfiguration;
			buildSettings = {
				ALWAYS_SEARCH_USER_PATHS = NO;
				CLANG_ANALYZER_NONNULL = YES;
				CLANG_ANALYZER_NUMBER_OBJECT_CONVERSION = YES_AGGRESSIVE;
				CLANG_CXX_LANGUAGE_STANDARD = "gnu++20";
				CLANG_ENABLE_MODULES = YES;
				CLANG_ENABLE_OBJC_ARC = YES;
				CLANG_ENABLE_OBJC_WEAK = YES;
				CLANG_WARN_BLOCK_CAPTURE_AUTORELEASING = YES;
				CLANG_WARN_BOOL_CONVERSION = YES;
				CLANG_WARN_COMMA = YES;
				CLANG_WARN_CONSTANT_CONVERSION = YES;
				CLANG_WARN_DEPRECATED_OBJC_IMPLEMENTATIONS = YES;
				CLANG_WARN_DIRECT_OBJC_ISA_USAGE = YES_ERROR;
				CLANG_WARN_DOCUMENTATION_COMMENTS = YES;
				CLANG_WARN_EMPTY_BODY = YES;
				CLANG_WARN_ENUM_CONVERSION = YES;
				CLANG_WARN_INFINITE_RECURSION = YES;
				CLANG_WARN_INT_CONVERSION = YES;
				CLANG_WARN_NON_LITERAL_NULL_CONVERSION = YES;
				CLANG_WARN_OBJC_IMPLICIT_RETAIN_SELF = YES;
				CLANG_WARN_OBJC_LITERAL_CONVERSION = YES;
				CLANG_WARN_OBJC_ROOT_CLASS = YES_ERROR;
				CLANG_WARN_QUOTED_INCLUDE_IN_FRAMEWORK_HEADER = YES;
				CLANG_WARN_RANGE_LOOP_ANALYSIS = YES;
				CLANG_WARN_STRICT_PROTOTYPES = YES;
				CLANG_WARN_SUSPICIOUS_MOVE = YES;
				CLANG_WARN_UNGUARDED_AVAILABILITY = YES_AGGRESSIVE;
				CLANG_WARN_UNREACHABLE_CODE = YES;
				CLANG_WARN__DUPLICATE_METHOD_MATCH = YES;
				COPY_PHASE_STRIP = NO;
				DEBUG_INFORMATION_FORMAT = "dwarf-with-dsym";
				ENABLE_NS_ASSERTIONS = NO;
				ENABLE_STRICT_OBJC_MSGSEND = YES;
				GCC_C_LANGUAGE_STANDARD = gnu11;
				GCC_NO_COMMON_BLOCKS = YES;
				GCC_WARN_64_TO_32_BIT_CONVERSION = YES;
				GCC_WARN_ABOUT_RETURN_TYPE = YES_ERROR;
				GCC_WARN_UNDECLARED_SELECTOR = YES;
				GCC_WARN_UNINITIALIZED_AUTOS = YES_AGGRESSIVE;
				GCC_WARN_UNUSED_FUNCTION = YES;
				GCC_WARN_UNUSED_VARIABLE = YES;
				IPHONEOS_DEPLOYMENT_TARGET = 16.0;
				MTL_ENABLE_DEBUG_INFO = NO;
				MTL_FAST_MATH = YES;
				SDKROOT = iphoneos;
				SWIFT_COMPILATION_MODE = wholemodule;
				SWIFT_OPTIMIZATION_LEVEL = "-O";
				VALIDATE_PRODUCT = YES;
			};
			name = Release;
		};
		185072B22A0A13550027A10F /* Debug */ = {
			isa = XCBuildConfiguration;
			baseConfigurationReference = B44BC47DF662B65E404BF46F /* Pods-QuizZilla.debug.xcconfig */;
			buildSettings = {
				ASSETCATALOG_COMPILER_APPICON_NAME = AppIcon;
				ASSETCATALOG_COMPILER_GLOBAL_ACCENT_COLOR_NAME = AccentColor;
				CODE_SIGN_STYLE = Automatic;
				CURRENT_PROJECT_VERSION = 1;
				DEVELOPMENT_TEAM = 6G7LXQVMTU;
				GENERATE_INFOPLIST_FILE = YES;
				INFOPLIST_FILE = QuizZilla/Info.plist;
				INFOPLIST_KEY_UIApplicationSupportsIndirectInputEvents = YES;
				INFOPLIST_KEY_UILaunchStoryboardName = LaunchScreen;
				INFOPLIST_KEY_UIMainStoryboardFile = Main;
				INFOPLIST_KEY_UISupportedInterfaceOrientations = UIInterfaceOrientationPortrait;
				INFOPLIST_KEY_UISupportedInterfaceOrientations_iPad = "UIInterfaceOrientationLandscapeLeft UIInterfaceOrientationLandscapeRight UIInterfaceOrientationPortrait UIInterfaceOrientationPortraitUpsideDown";
				IPHONEOS_DEPLOYMENT_TARGET = 14.0;
				LD_RUNPATH_SEARCH_PATHS = (
					"$(inherited)",
					"@executable_path/Frameworks",
				);
				MARKETING_VERSION = 1.0;
				OTHER_LDFLAGS = (
					"-ObjC",
					"$(inherited)",
					"-framework",
					"\"CoreGraphics\"",
					"-framework",
					"\"ImageIO\"",
					"-framework",
					"\"Lottie\"",
					"-framework",
					"\"QuartzCore\"",
					"-framework",
					"\"SDWebImage\"",
					"-framework",
					"\"UIKit\"",
				);
				PRODUCT_BUNDLE_IDENTIFIER = AKApps.QuizZilla;
				PRODUCT_NAME = "$(TARGET_NAME)";
				SWIFT_EMIT_LOC_STRINGS = YES;
				SWIFT_VERSION = 5.0;
				TARGETED_DEVICE_FAMILY = "1,2";
			};
			name = Debug;
		};
		185072B32A0A13550027A10F /* Release */ = {
			isa = XCBuildConfiguration;
			baseConfigurationReference = 8424B1AF075F79F2949836BA /* Pods-QuizZilla.release.xcconfig */;
			buildSettings = {
				ASSETCATALOG_COMPILER_APPICON_NAME = AppIcon;
				ASSETCATALOG_COMPILER_GLOBAL_ACCENT_COLOR_NAME = AccentColor;
				CODE_SIGN_STYLE = Automatic;
				CURRENT_PROJECT_VERSION = 1;
				DEVELOPMENT_TEAM = 6G7LXQVMTU;
				GENERATE_INFOPLIST_FILE = YES;
				INFOPLIST_FILE = QuizZilla/Info.plist;
				INFOPLIST_KEY_UIApplicationSupportsIndirectInputEvents = YES;
				INFOPLIST_KEY_UILaunchStoryboardName = LaunchScreen;
				INFOPLIST_KEY_UIMainStoryboardFile = Main;
				INFOPLIST_KEY_UISupportedInterfaceOrientations = UIInterfaceOrientationPortrait;
				INFOPLIST_KEY_UISupportedInterfaceOrientations_iPad = "UIInterfaceOrientationLandscapeLeft UIInterfaceOrientationLandscapeRight UIInterfaceOrientationPortrait UIInterfaceOrientationPortraitUpsideDown";
				IPHONEOS_DEPLOYMENT_TARGET = 14.0;
				LD_RUNPATH_SEARCH_PATHS = (
					"$(inherited)",
					"@executable_path/Frameworks",
				);
				MARKETING_VERSION = 1.0;
				OTHER_LDFLAGS = (
					"-ObjC",
					"$(inherited)",
					"-framework",
					"\"CoreGraphics\"",
					"-framework",
					"\"ImageIO\"",
					"-framework",
					"\"Lottie\"",
					"-framework",
					"\"QuartzCore\"",
					"-framework",
					"\"SDWebImage\"",
					"-framework",
					"\"UIKit\"",
				);
				PRODUCT_BUNDLE_IDENTIFIER = AKApps.QuizZilla;
				PRODUCT_NAME = "$(TARGET_NAME)";
				SWIFT_EMIT_LOC_STRINGS = YES;
				SWIFT_VERSION = 5.0;
				TARGETED_DEVICE_FAMILY = "1,2";
			};
			name = Release;
		};
		185072B52A0A13550027A10F /* Debug */ = {
			isa = XCBuildConfiguration;
			baseConfigurationReference = 90B6728FD727D59F5DE3FBC7 /* Pods-QuizZillaTests.debug.xcconfig */;
			buildSettings = {
				ALWAYS_EMBED_SWIFT_STANDARD_LIBRARIES = YES;
				BUNDLE_LOADER = "$(TEST_HOST)";
				CODE_SIGN_STYLE = Automatic;
				CURRENT_PROJECT_VERSION = 1;
				DEVELOPMENT_TEAM = 6G7LXQVMTU;
				GENERATE_INFOPLIST_FILE = YES;
				IPHONEOS_DEPLOYMENT_TARGET = 16.0;
				MARKETING_VERSION = 1.0;
				PRODUCT_BUNDLE_IDENTIFIER = Neosoft.QuizZillaTests;
				PRODUCT_NAME = "$(TARGET_NAME)";
				SWIFT_EMIT_LOC_STRINGS = NO;
				SWIFT_VERSION = 5.0;
				TARGETED_DEVICE_FAMILY = "1,2";
				TEST_HOST = "$(BUILT_PRODUCTS_DIR)/QuizZilla.app/$(BUNDLE_EXECUTABLE_FOLDER_PATH)/QuizZilla";
			};
			name = Debug;
		};
		185072B62A0A13550027A10F /* Release */ = {
			isa = XCBuildConfiguration;
			baseConfigurationReference = 1BE75AB6A07C7E1FA96A2555 /* Pods-QuizZillaTests.release.xcconfig */;
			buildSettings = {
				ALWAYS_EMBED_SWIFT_STANDARD_LIBRARIES = YES;
				BUNDLE_LOADER = "$(TEST_HOST)";
				CODE_SIGN_STYLE = Automatic;
				CURRENT_PROJECT_VERSION = 1;
				DEVELOPMENT_TEAM = 6G7LXQVMTU;
				GENERATE_INFOPLIST_FILE = YES;
				IPHONEOS_DEPLOYMENT_TARGET = 16.0;
				MARKETING_VERSION = 1.0;
				PRODUCT_BUNDLE_IDENTIFIER = Neosoft.QuizZillaTests;
				PRODUCT_NAME = "$(TARGET_NAME)";
				SWIFT_EMIT_LOC_STRINGS = NO;
				SWIFT_VERSION = 5.0;
				TARGETED_DEVICE_FAMILY = "1,2";
				TEST_HOST = "$(BUILT_PRODUCTS_DIR)/QuizZilla.app/$(BUNDLE_EXECUTABLE_FOLDER_PATH)/QuizZilla";
			};
			name = Release;
		};
		185072B82A0A13550027A10F /* Debug */ = {
			isa = XCBuildConfiguration;
			baseConfigurationReference = 8ECA4EDB734D91CCDA6448F0 /* Pods-QuizZilla-QuizZillaUITests.debug.xcconfig */;
			buildSettings = {
				ALWAYS_EMBED_SWIFT_STANDARD_LIBRARIES = YES;
				CODE_SIGN_STYLE = Automatic;
				CURRENT_PROJECT_VERSION = 1;
				DEVELOPMENT_TEAM = 6G7LXQVMTU;
				GENERATE_INFOPLIST_FILE = YES;
				MARKETING_VERSION = 1.0;
				PRODUCT_BUNDLE_IDENTIFIER = Neosoft.QuizZillaUITests;
				PRODUCT_NAME = "$(TARGET_NAME)";
				SWIFT_EMIT_LOC_STRINGS = NO;
				SWIFT_VERSION = 5.0;
				TARGETED_DEVICE_FAMILY = "1,2";
				TEST_TARGET_NAME = QuizZilla;
			};
			name = Debug;
		};
		185072B92A0A13550027A10F /* Release */ = {
			isa = XCBuildConfiguration;
			baseConfigurationReference = 022055024D2CDA99E1A2A5DF /* Pods-QuizZilla-QuizZillaUITests.release.xcconfig */;
			buildSettings = {
				ALWAYS_EMBED_SWIFT_STANDARD_LIBRARIES = YES;
				CODE_SIGN_STYLE = Automatic;
				CURRENT_PROJECT_VERSION = 1;
				DEVELOPMENT_TEAM = 6G7LXQVMTU;
				GENERATE_INFOPLIST_FILE = YES;
				MARKETING_VERSION = 1.0;
				PRODUCT_BUNDLE_IDENTIFIER = Neosoft.QuizZillaUITests;
				PRODUCT_NAME = "$(TARGET_NAME)";
				SWIFT_EMIT_LOC_STRINGS = NO;
				SWIFT_VERSION = 5.0;
				TARGETED_DEVICE_FAMILY = "1,2";
				TEST_TARGET_NAME = QuizZilla;
			};
			name = Release;
		};
/* End XCBuildConfiguration section */

/* Begin XCConfigurationList section */
		1850727F2A0A13530027A10F /* Build configuration list for PBXProject "QuizZilla" */ = {
			isa = XCConfigurationList;
			buildConfigurations = (
				185072AF2A0A13550027A10F /* Debug */,
				185072B02A0A13550027A10F /* Release */,
			);
			defaultConfigurationIsVisible = 0;
			defaultConfigurationName = Release;
		};
		185072B12A0A13550027A10F /* Build configuration list for PBXNativeTarget "QuizZilla" */ = {
			isa = XCConfigurationList;
			buildConfigurations = (
				185072B22A0A13550027A10F /* Debug */,
				185072B32A0A13550027A10F /* Release */,
			);
			defaultConfigurationIsVisible = 0;
			defaultConfigurationName = Release;
		};
		185072B42A0A13550027A10F /* Build configuration list for PBXNativeTarget "QuizZillaTests" */ = {
			isa = XCConfigurationList;
			buildConfigurations = (
				185072B52A0A13550027A10F /* Debug */,
				185072B62A0A13550027A10F /* Release */,
			);
			defaultConfigurationIsVisible = 0;
			defaultConfigurationName = Release;
		};
		185072B72A0A13550027A10F /* Build configuration list for PBXNativeTarget "QuizZillaUITests" */ = {
			isa = XCConfigurationList;
			buildConfigurations = (
				185072B82A0A13550027A10F /* Debug */,
				185072B92A0A13550027A10F /* Release */,
			);
			defaultConfigurationIsVisible = 0;
			defaultConfigurationName = Release;
		};
/* End XCConfigurationList section */

/* Begin XCRemoteSwiftPackageReference section */
		181CB24B2A12447A007C4815 /* XCRemoteSwiftPackageReference "swift-package-manager-google-mobile-ads" */ = {
			isa = XCRemoteSwiftPackageReference;
			repositoryURL = "https://github.com/googleads/swift-package-manager-google-mobile-ads.git";
			requirement = {
				kind = upToNextMajorVersion;
				minimumVersion = 10.0.0;
			};
		};
/* End XCRemoteSwiftPackageReference section */

/* Begin XCSwiftPackageProductDependency section */
		181CB24C2A12447A007C4815 /* GoogleMobileAds */ = {
			isa = XCSwiftPackageProductDependency;
			package = 181CB24B2A12447A007C4815 /* XCRemoteSwiftPackageReference "swift-package-manager-google-mobile-ads" */;
			productName = GoogleMobileAds;
		};
/* End XCSwiftPackageProductDependency section */

/* Begin XCVersionGroup section */
		185072902A0A13530027A10F /* QuizZilla.xcdatamodeld */ = {
			isa = XCVersionGroup;
			children = (
				185072912A0A13530027A10F /* QuizZilla.xcdatamodel */,
			);
			currentVersion = 185072912A0A13530027A10F /* QuizZilla.xcdatamodel */;
			path = QuizZilla.xcdatamodeld;
			sourceTree = "<group>";
			versionGroupType = wrapper.xcdatamodel;
		};
/* End XCVersionGroup section */
	};
	rootObject = 1850727C2A0A13530027A10F /* Project object */;
}
